// !$*UTF8*$!
{
	archiveVersion = 1;
	classes = {
	};
	objectVersion = 56;
	objects = {

/* Begin PBXBuildFile section */
		B506E8672B1553D400921852 /* AuthButtonsView.swift in Sources */ = {isa = PBXBuildFile; fileRef = B506E8662B1553D400921852 /* AuthButtonsView.swift */; };
		B5289B6F2B1DE65E00E482FE /* PhotosPickerView.swift in Sources */ = {isa = PBXBuildFile; fileRef = B5289B6E2B1DE65E00E482FE /* PhotosPickerView.swift */; };
		B5289B712B1DEBC200E482FE /* PickPhotoView.swift in Sources */ = {isa = PBXBuildFile; fileRef = B5289B702B1DEBC200E482FE /* PickPhotoView.swift */; };
		B533EC5B2B14C360005E6498 /* CGFloat+Ext.swift in Sources */ = {isa = PBXBuildFile; fileRef = B533EC5A2B14C360005E6498 /* CGFloat+Ext.swift */; };
		B533EC5E2B14C6A3005E6498 /* CircleView.swift in Sources */ = {isa = PBXBuildFile; fileRef = B533EC5D2B14C6A3005E6498 /* CircleView.swift */; };
		B54505BC2B21F9D800BED87D /* PhoneNumberVerifyViewModel.swift in Sources */ = {isa = PBXBuildFile; fileRef = B54505BB2B21F9D800BED87D /* PhoneNumberVerifyViewModel.swift */; };
		B54AF9C62B19D8340035BDBA /* NameBirthdayView.swift in Sources */ = {isa = PBXBuildFile; fileRef = B54AF9C52B19D8340035BDBA /* NameBirthdayView.swift */; };
		B54AF9C82B19E3FB0035BDBA /* GenderView.swift in Sources */ = {isa = PBXBuildFile; fileRef = B54AF9C72B19E3FB0035BDBA /* GenderView.swift */; };
		B54AF9CA2B19E9100035BDBA /* InterestsModel.swift in Sources */ = {isa = PBXBuildFile; fileRef = B54AF9C92B19E9100035BDBA /* InterestsModel.swift */; };
		B54AF9CC2B1A132C0035BDBA /* InterestItemView.swift in Sources */ = {isa = PBXBuildFile; fileRef = B54AF9CB2B1A132C0035BDBA /* InterestItemView.swift */; };
		B5518E832B1F497A003FF8DB /* AuthViewModel.swift in Sources */ = {isa = PBXBuildFile; fileRef = B5518E822B1F497A003FF8DB /* AuthViewModel.swift */; };
		B5546DB02B15E51C007CE5B4 /* PhoneNumberVerifyView.swift in Sources */ = {isa = PBXBuildFile; fileRef = B5546DAF2B15E51C007CE5B4 /* PhoneNumberVerifyView.swift */; };
		B5546DB22B15E93F007CE5B4 /* Bundle+Ext.swift in Sources */ = {isa = PBXBuildFile; fileRef = B5546DB12B15E93F007CE5B4 /* Bundle+Ext.swift */; };
		B5546DB52B15E98C007CE5B4 /* CPDataModel.swift in Sources */ = {isa = PBXBuildFile; fileRef = B5546DB42B15E98C007CE5B4 /* CPDataModel.swift */; };
		B5546DB82B15E9D1007CE5B4 /* CountryNumbers.json in Resources */ = {isa = PBXBuildFile; fileRef = B5546DB72B15E9D1007CE5B4 /* CountryNumbers.json */; };
		B5546DBA2B15F02D007CE5B4 /* View+Ext.swift in Sources */ = {isa = PBXBuildFile; fileRef = B5546DB92B15F02D007CE5B4 /* View+Ext.swift */; };
		B5546DBD2B15F167007CE5B4 /* PickCPCodeView.swift in Sources */ = {isa = PBXBuildFile; fileRef = B5546DBC2B15F167007CE5B4 /* PickCPCodeView.swift */; };
		B5546DC22B1613E5007CE5B4 /* OnboardingButtonStyle.swift in Sources */ = {isa = PBXBuildFile; fileRef = B5546DC12B1613E5007CE5B4 /* OnboardingButtonStyle.swift */; };
		B55A6D072B1CA9D800A7CCEA /* InterestView.swift in Sources */ = {isa = PBXBuildFile; fileRef = B55A6D062B1CA9D800A7CCEA /* InterestView.swift */; };
		B55B02652B32E23A00FCDB13 /* UserAppearanceView.swift in Sources */ = {isa = PBXBuildFile; fileRef = B55B02642B32E23A00FCDB13 /* UserAppearanceView.swift */; };
		B55B02672B32E25A00FCDB13 /* UserAppearanceViewModel.swift in Sources */ = {isa = PBXBuildFile; fileRef = B55B02662B32E25A00FCDB13 /* UserAppearanceViewModel.swift */; };
		B55B02692B32EA9A00FCDB13 /* RegisterNavigate.swift in Sources */ = {isa = PBXBuildFile; fileRef = B55B02682B32EA9A00FCDB13 /* RegisterNavigate.swift */; };
		B55B026B2B32EAB100FCDB13 /* SplashNavigate.swift in Sources */ = {isa = PBXBuildFile; fileRef = B55B026A2B32EAB100FCDB13 /* SplashNavigate.swift */; };
		B55B026D2B32ECB300FCDB13 /* AuthMidView.swift in Sources */ = {isa = PBXBuildFile; fileRef = B55B026C2B32ECB300FCDB13 /* AuthMidView.swift */; };
		B55B02702B33113000FCDB13 /* UserAppearanceModel.swift in Sources */ = {isa = PBXBuildFile; fileRef = B55B026F2B33113000FCDB13 /* UserAppearanceModel.swift */; };
		B5758CB22B3212E300DAE628 /* LoginViewModel.swift in Sources */ = {isa = PBXBuildFile; fileRef = B5758CB12B3212E300DAE628 /* LoginViewModel.swift */; };
		B57D03192B33676900179EA1 /* ShakeEffect.swift in Sources */ = {isa = PBXBuildFile; fileRef = B57D03182B33676900179EA1 /* ShakeEffect.swift */; };
		B58CB8032B172598005EEB26 /* DigitsCodeView.swift in Sources */ = {isa = PBXBuildFile; fileRef = B58CB8022B172598005EEB26 /* DigitsCodeView.swift */; };
		B58CB8052B17391E005EEB26 /* CodeInputView.swift in Sources */ = {isa = PBXBuildFile; fileRef = B58CB8042B17391E005EEB26 /* CodeInputView.swift */; };
		B58CB8072B1758E8005EEB26 /* EnterPhoneNumberView.swift in Sources */ = {isa = PBXBuildFile; fileRef = B58CB8062B1758E8005EEB26 /* EnterPhoneNumberView.swift */; };
		B58CB80A2B17623F005EEB26 /* VerifyPhoneStep.swift in Sources */ = {isa = PBXBuildFile; fileRef = B58CB8092B17623F005EEB26 /* VerifyPhoneStep.swift */; };
		B58CB80C2B176FFC005EEB26 /* String+Ext.swift in Sources */ = {isa = PBXBuildFile; fileRef = B58CB80B2B176FFC005EEB26 /* String+Ext.swift */; };
		B5AE93222B2AF2C300549577 /* SplashView.swift in Sources */ = {isa = PBXBuildFile; fileRef = B5AE93212B2AF2C300549577 /* SplashView.swift */; };
		B5AE93242B2B036F00549577 /* LoginOnboardingView.swift in Sources */ = {isa = PBXBuildFile; fileRef = B5AE93232B2B036F00549577 /* LoginOnboardingView.swift */; };
		B5C432542B186882000EDA16 /* AuthView.swift in Sources */ = {isa = PBXBuildFile; fileRef = B5C432532B186882000EDA16 /* AuthView.swift */; };
		B5C432562B187D2C000EDA16 /* RegisterStep.swift in Sources */ = {isa = PBXBuildFile; fileRef = B5C432552B187D2C000EDA16 /* RegisterStep.swift */; };
		B5C432592B1894B4000EDA16 /* StepBarView.swift in Sources */ = {isa = PBXBuildFile; fileRef = B5C432582B1894B4000EDA16 /* StepBarView.swift */; };
		B5C4325B2B189AD9000EDA16 /* StepButtonsView.swift in Sources */ = {isa = PBXBuildFile; fileRef = B5C4325A2B189AD9000EDA16 /* StepButtonsView.swift */; };
		B5C692A82B454F4F007E048D /* FirebaseAnalytics in Frameworks */ = {isa = PBXBuildFile; productRef = B5C692A72B454F4F007E048D /* FirebaseAnalytics */; };
		B5C692AA2B454F4F007E048D /* FirebaseAnalyticsOnDeviceConversion in Frameworks */ = {isa = PBXBuildFile; productRef = B5C692A92B454F4F007E048D /* FirebaseAnalyticsOnDeviceConversion */; };
		B5C692AC2B454F4F007E048D /* FirebaseAnalyticsSwift in Frameworks */ = {isa = PBXBuildFile; productRef = B5C692AB2B454F4F007E048D /* FirebaseAnalyticsSwift */; };
		B5C692AE2B454F4F007E048D /* FirebaseAnalyticsWithoutAdIdSupport in Frameworks */ = {isa = PBXBuildFile; productRef = B5C692AD2B454F4F007E048D /* FirebaseAnalyticsWithoutAdIdSupport */; };
		B5C692B02B454F4F007E048D /* FirebaseAppCheck in Frameworks */ = {isa = PBXBuildFile; productRef = B5C692AF2B454F4F007E048D /* FirebaseAppCheck */; };
		B5C692B22B454F4F007E048D /* FirebaseAppDistribution-Beta in Frameworks */ = {isa = PBXBuildFile; productRef = B5C692B12B454F4F007E048D /* FirebaseAppDistribution-Beta */; };
		B5C692B42B454F4F007E048D /* FirebaseAuth in Frameworks */ = {isa = PBXBuildFile; productRef = B5C692B32B454F4F007E048D /* FirebaseAuth */; };
		B5C692B62B454F4F007E048D /* FirebaseAuthCombine-Community in Frameworks */ = {isa = PBXBuildFile; productRef = B5C692B52B454F4F007E048D /* FirebaseAuthCombine-Community */; };
		B5C692B82B454F4F007E048D /* FirebaseCrashlytics in Frameworks */ = {isa = PBXBuildFile; productRef = B5C692B72B454F4F007E048D /* FirebaseCrashlytics */; };
		B5C692BA2B454F4F007E048D /* FirebaseDatabase in Frameworks */ = {isa = PBXBuildFile; productRef = B5C692B92B454F4F007E048D /* FirebaseDatabase */; };
		B5C692BC2B454F4F007E048D /* FirebaseDatabaseSwift in Frameworks */ = {isa = PBXBuildFile; productRef = B5C692BB2B454F4F007E048D /* FirebaseDatabaseSwift */; };
		B5C692BE2B454F4F007E048D /* FirebaseDynamicLinks in Frameworks */ = {isa = PBXBuildFile; productRef = B5C692BD2B454F4F007E048D /* FirebaseDynamicLinks */; };
		B5C692C02B454F4F007E048D /* FirebaseFirestore in Frameworks */ = {isa = PBXBuildFile; productRef = B5C692BF2B454F4F007E048D /* FirebaseFirestore */; };
		B5C692C22B454F4F007E048D /* FirebaseFirestoreCombine-Community in Frameworks */ = {isa = PBXBuildFile; productRef = B5C692C12B454F4F007E048D /* FirebaseFirestoreCombine-Community */; };
		B5C692C42B454F4F007E048D /* FirebaseFirestoreSwift in Frameworks */ = {isa = PBXBuildFile; productRef = B5C692C32B454F4F007E048D /* FirebaseFirestoreSwift */; };
		B5C692C62B454F4F007E048D /* FirebaseFunctions in Frameworks */ = {isa = PBXBuildFile; productRef = B5C692C52B454F4F007E048D /* FirebaseFunctions */; };
		B5C692C82B454F4F007E048D /* FirebaseFunctionsCombine-Community in Frameworks */ = {isa = PBXBuildFile; productRef = B5C692C72B454F4F007E048D /* FirebaseFunctionsCombine-Community */; };
		B5C692CA2B454F4F007E048D /* FirebaseInAppMessaging-Beta in Frameworks */ = {isa = PBXBuildFile; productRef = B5C692C92B454F4F007E048D /* FirebaseInAppMessaging-Beta */; };
		B5C692CC2B454F4F007E048D /* FirebaseInAppMessagingSwift-Beta in Frameworks */ = {isa = PBXBuildFile; productRef = B5C692CB2B454F4F007E048D /* FirebaseInAppMessagingSwift-Beta */; };
		B5C692CE2B454F4F007E048D /* FirebaseInstallations in Frameworks */ = {isa = PBXBuildFile; productRef = B5C692CD2B454F4F007E048D /* FirebaseInstallations */; };
		B5C692D02B454F4F007E048D /* FirebaseMLModelDownloader in Frameworks */ = {isa = PBXBuildFile; productRef = B5C692CF2B454F4F007E048D /* FirebaseMLModelDownloader */; };
		B5C692D22B454F4F007E048D /* FirebaseMessaging in Frameworks */ = {isa = PBXBuildFile; productRef = B5C692D12B454F4F007E048D /* FirebaseMessaging */; };
		B5C692D42B454F4F007E048D /* FirebasePerformance in Frameworks */ = {isa = PBXBuildFile; productRef = B5C692D32B454F4F007E048D /* FirebasePerformance */; };
		B5C692D62B454F4F007E048D /* FirebaseRemoteConfig in Frameworks */ = {isa = PBXBuildFile; productRef = B5C692D52B454F4F007E048D /* FirebaseRemoteConfig */; };
		B5C692D82B454F4F007E048D /* FirebaseRemoteConfigSwift in Frameworks */ = {isa = PBXBuildFile; productRef = B5C692D72B454F4F007E048D /* FirebaseRemoteConfigSwift */; };
		B5C692DA2B454F4F007E048D /* FirebaseStorage in Frameworks */ = {isa = PBXBuildFile; productRef = B5C692D92B454F4F007E048D /* FirebaseStorage */; };
		B5C692DC2B454F4F007E048D /* FirebaseStorageCombine-Community in Frameworks */ = {isa = PBXBuildFile; productRef = B5C692DB2B454F4F007E048D /* FirebaseStorageCombine-Community */; };
		B5C692DE2B455575007E048D /* AppDelegate.swift in Sources */ = {isa = PBXBuildFile; fileRef = B5C692DD2B455575007E048D /* AppDelegate.swift */; };
		B5C692E12B455970007E048D /* GoogleSignIn in Frameworks */ = {isa = PBXBuildFile; productRef = B5C692E02B455970007E048D /* GoogleSignIn */; };
		B5C692E32B455970007E048D /* GoogleSignInSwift in Frameworks */ = {isa = PBXBuildFile; productRef = B5C692E22B455970007E048D /* GoogleSignInSwift */; };
		B5C692E52B4559FF007E048D /* GoogleService-Info.plist in Resources */ = {isa = PBXBuildFile; fileRef = B5C692E42B4559FF007E048D /* GoogleService-Info.plist */; };
		B5E30D4C2B1495E100F10B4D /* MoodNotifyApp.swift in Sources */ = {isa = PBXBuildFile; fileRef = B5E30D4B2B1495E100F10B4D /* MoodNotifyApp.swift */; };
		B5E30D4E2B1495E100F10B4D /* LoginView.swift in Sources */ = {isa = PBXBuildFile; fileRef = B5E30D4D2B1495E100F10B4D /* LoginView.swift */; };
		B5E30D502B1495E300F10B4D /* Assets.xcassets in Resources */ = {isa = PBXBuildFile; fileRef = B5E30D4F2B1495E300F10B4D /* Assets.xcassets */; };
		B5E30D532B1495E300F10B4D /* Preview Assets.xcassets in Resources */ = {isa = PBXBuildFile; fileRef = B5E30D522B1495E300F10B4D /* Preview Assets.xcassets */; };
		B5E30D5D2B1495E400F10B4D /* MoodNotifyTests.swift in Sources */ = {isa = PBXBuildFile; fileRef = B5E30D5C2B1495E400F10B4D /* MoodNotifyTests.swift */; };
		B5E30D672B1495E400F10B4D /* MoodNotifyUITests.swift in Sources */ = {isa = PBXBuildFile; fileRef = B5E30D662B1495E400F10B4D /* MoodNotifyUITests.swift */; };
		B5E30D692B1495E400F10B4D /* MoodNotifyUITestsLaunchTests.swift in Sources */ = {isa = PBXBuildFile; fileRef = B5E30D682B1495E400F10B4D /* MoodNotifyUITestsLaunchTests.swift */; };
/* End PBXBuildFile section */

/* Begin PBXContainerItemProxy section */
		B5E30D592B1495E400F10B4D /* PBXContainerItemProxy */ = {
			isa = PBXContainerItemProxy;
			containerPortal = B5E30D402B1495E100F10B4D /* Project object */;
			proxyType = 1;
			remoteGlobalIDString = B5E30D472B1495E100F10B4D;
			remoteInfo = MoodNotify;
		};
		B5E30D632B1495E400F10B4D /* PBXContainerItemProxy */ = {
			isa = PBXContainerItemProxy;
			containerPortal = B5E30D402B1495E100F10B4D /* Project object */;
			proxyType = 1;
			remoteGlobalIDString = B5E30D472B1495E100F10B4D;
			remoteInfo = MoodNotify;
		};
/* End PBXContainerItemProxy section */

/* Begin PBXFileReference section */
		B506E8662B1553D400921852 /* AuthButtonsView.swift */ = {isa = PBXFileReference; lastKnownFileType = sourcecode.swift; path = AuthButtonsView.swift; sourceTree = "<group>"; };
		B5289B6E2B1DE65E00E482FE /* PhotosPickerView.swift */ = {isa = PBXFileReference; lastKnownFileType = sourcecode.swift; path = PhotosPickerView.swift; sourceTree = "<group>"; };
		B5289B702B1DEBC200E482FE /* PickPhotoView.swift */ = {isa = PBXFileReference; lastKnownFileType = sourcecode.swift; path = PickPhotoView.swift; sourceTree = "<group>"; };
		B533EC5A2B14C360005E6498 /* CGFloat+Ext.swift */ = {isa = PBXFileReference; lastKnownFileType = sourcecode.swift; path = "CGFloat+Ext.swift"; sourceTree = "<group>"; };
		B533EC5D2B14C6A3005E6498 /* CircleView.swift */ = {isa = PBXFileReference; lastKnownFileType = sourcecode.swift; path = CircleView.swift; sourceTree = "<group>"; };
		B54505BB2B21F9D800BED87D /* PhoneNumberVerifyViewModel.swift */ = {isa = PBXFileReference; lastKnownFileType = sourcecode.swift; path = PhoneNumberVerifyViewModel.swift; sourceTree = "<group>"; };
		B54AF9C52B19D8340035BDBA /* NameBirthdayView.swift */ = {isa = PBXFileReference; lastKnownFileType = sourcecode.swift; path = NameBirthdayView.swift; sourceTree = "<group>"; };
		B54AF9C72B19E3FB0035BDBA /* GenderView.swift */ = {isa = PBXFileReference; lastKnownFileType = sourcecode.swift; path = GenderView.swift; sourceTree = "<group>"; };
		B54AF9C92B19E9100035BDBA /* InterestsModel.swift */ = {isa = PBXFileReference; lastKnownFileType = sourcecode.swift; path = InterestsModel.swift; sourceTree = "<group>"; };
		B54AF9CB2B1A132C0035BDBA /* InterestItemView.swift */ = {isa = PBXFileReference; lastKnownFileType = sourcecode.swift; path = InterestItemView.swift; sourceTree = "<group>"; };
		B5518E822B1F497A003FF8DB /* AuthViewModel.swift */ = {isa = PBXFileReference; lastKnownFileType = sourcecode.swift; path = AuthViewModel.swift; sourceTree = "<group>"; };
		B5546DAF2B15E51C007CE5B4 /* PhoneNumberVerifyView.swift */ = {isa = PBXFileReference; lastKnownFileType = sourcecode.swift; path = PhoneNumberVerifyView.swift; sourceTree = "<group>"; };
		B5546DB12B15E93F007CE5B4 /* Bundle+Ext.swift */ = {isa = PBXFileReference; lastKnownFileType = sourcecode.swift; path = "Bundle+Ext.swift"; sourceTree = "<group>"; };
		B5546DB42B15E98C007CE5B4 /* CPDataModel.swift */ = {isa = PBXFileReference; lastKnownFileType = sourcecode.swift; path = CPDataModel.swift; sourceTree = "<group>"; };
		B5546DB72B15E9D1007CE5B4 /* CountryNumbers.json */ = {isa = PBXFileReference; fileEncoding = 4; lastKnownFileType = text.json; path = CountryNumbers.json; sourceTree = "<group>"; };
		B5546DB92B15F02D007CE5B4 /* View+Ext.swift */ = {isa = PBXFileReference; lastKnownFileType = sourcecode.swift; path = "View+Ext.swift"; sourceTree = "<group>"; };
		B5546DBC2B15F167007CE5B4 /* PickCPCodeView.swift */ = {isa = PBXFileReference; lastKnownFileType = sourcecode.swift; path = PickCPCodeView.swift; sourceTree = "<group>"; };
		B5546DC12B1613E5007CE5B4 /* OnboardingButtonStyle.swift */ = {isa = PBXFileReference; lastKnownFileType = sourcecode.swift; path = OnboardingButtonStyle.swift; sourceTree = "<group>"; };
		B55A6D062B1CA9D800A7CCEA /* InterestView.swift */ = {isa = PBXFileReference; lastKnownFileType = sourcecode.swift; path = InterestView.swift; sourceTree = "<group>"; };
		B55B02642B32E23A00FCDB13 /* UserAppearanceView.swift */ = {isa = PBXFileReference; lastKnownFileType = sourcecode.swift; path = UserAppearanceView.swift; sourceTree = "<group>"; };
		B55B02662B32E25A00FCDB13 /* UserAppearanceViewModel.swift */ = {isa = PBXFileReference; lastKnownFileType = sourcecode.swift; path = UserAppearanceViewModel.swift; sourceTree = "<group>"; };
		B55B02682B32EA9A00FCDB13 /* RegisterNavigate.swift */ = {isa = PBXFileReference; lastKnownFileType = sourcecode.swift; path = RegisterNavigate.swift; sourceTree = "<group>"; };
		B55B026A2B32EAB100FCDB13 /* SplashNavigate.swift */ = {isa = PBXFileReference; lastKnownFileType = sourcecode.swift; path = SplashNavigate.swift; sourceTree = "<group>"; };
		B55B026C2B32ECB300FCDB13 /* AuthMidView.swift */ = {isa = PBXFileReference; lastKnownFileType = sourcecode.swift; path = AuthMidView.swift; sourceTree = "<group>"; };
		B55B026F2B33113000FCDB13 /* UserAppearanceModel.swift */ = {isa = PBXFileReference; lastKnownFileType = sourcecode.swift; path = UserAppearanceModel.swift; sourceTree = "<group>"; };
		B5758CB12B3212E300DAE628 /* LoginViewModel.swift */ = {isa = PBXFileReference; lastKnownFileType = sourcecode.swift; path = LoginViewModel.swift; sourceTree = "<group>"; };
		B57D03182B33676900179EA1 /* ShakeEffect.swift */ = {isa = PBXFileReference; lastKnownFileType = sourcecode.swift; path = ShakeEffect.swift; sourceTree = "<group>"; };
		B58CB8022B172598005EEB26 /* DigitsCodeView.swift */ = {isa = PBXFileReference; lastKnownFileType = sourcecode.swift; path = DigitsCodeView.swift; sourceTree = "<group>"; };
		B58CB8042B17391E005EEB26 /* CodeInputView.swift */ = {isa = PBXFileReference; lastKnownFileType = sourcecode.swift; path = CodeInputView.swift; sourceTree = "<group>"; };
		B58CB8062B1758E8005EEB26 /* EnterPhoneNumberView.swift */ = {isa = PBXFileReference; lastKnownFileType = sourcecode.swift; path = EnterPhoneNumberView.swift; sourceTree = "<group>"; };
		B58CB8092B17623F005EEB26 /* VerifyPhoneStep.swift */ = {isa = PBXFileReference; lastKnownFileType = sourcecode.swift; path = VerifyPhoneStep.swift; sourceTree = "<group>"; };
		B58CB80B2B176FFC005EEB26 /* String+Ext.swift */ = {isa = PBXFileReference; lastKnownFileType = sourcecode.swift; path = "String+Ext.swift"; sourceTree = "<group>"; };
		B5AE93212B2AF2C300549577 /* SplashView.swift */ = {isa = PBXFileReference; lastKnownFileType = sourcecode.swift; path = SplashView.swift; sourceTree = "<group>"; };
		B5AE93232B2B036F00549577 /* LoginOnboardingView.swift */ = {isa = PBXFileReference; lastKnownFileType = sourcecode.swift; path = LoginOnboardingView.swift; sourceTree = "<group>"; };
		B5C432532B186882000EDA16 /* AuthView.swift */ = {isa = PBXFileReference; lastKnownFileType = sourcecode.swift; path = AuthView.swift; sourceTree = "<group>"; };
		B5C432552B187D2C000EDA16 /* RegisterStep.swift */ = {isa = PBXFileReference; lastKnownFileType = sourcecode.swift; path = RegisterStep.swift; sourceTree = "<group>"; };
		B5C432582B1894B4000EDA16 /* StepBarView.swift */ = {isa = PBXFileReference; lastKnownFileType = sourcecode.swift; path = StepBarView.swift; sourceTree = "<group>"; };
		B5C4325A2B189AD9000EDA16 /* StepButtonsView.swift */ = {isa = PBXFileReference; lastKnownFileType = sourcecode.swift; path = StepButtonsView.swift; sourceTree = "<group>"; };
		B5C692DD2B455575007E048D /* AppDelegate.swift */ = {isa = PBXFileReference; lastKnownFileType = sourcecode.swift; path = AppDelegate.swift; sourceTree = "<group>"; };
		B5C692E42B4559FF007E048D /* GoogleService-Info.plist */ = {isa = PBXFileReference; fileEncoding = 4; lastKnownFileType = text.plist.xml; name = "GoogleService-Info.plist"; path = "../../../../../../../Downloads/GoogleService-Info.plist"; sourceTree = "<group>"; };
		B5C692E62B455AB4007E048D /* Info.plist */ = {isa = PBXFileReference; lastKnownFileType = text.plist; path = Info.plist; sourceTree = "<group>"; };
		B5E30D482B1495E100F10B4D /* MoodNotify.app */ = {isa = PBXFileReference; explicitFileType = wrapper.application; includeInIndex = 0; path = MoodNotify.app; sourceTree = BUILT_PRODUCTS_DIR; };
		B5E30D4B2B1495E100F10B4D /* MoodNotifyApp.swift */ = {isa = PBXFileReference; lastKnownFileType = sourcecode.swift; path = MoodNotifyApp.swift; sourceTree = "<group>"; };
		B5E30D4D2B1495E100F10B4D /* LoginView.swift */ = {isa = PBXFileReference; lastKnownFileType = sourcecode.swift; path = LoginView.swift; sourceTree = "<group>"; };
		B5E30D4F2B1495E300F10B4D /* Assets.xcassets */ = {isa = PBXFileReference; lastKnownFileType = folder.assetcatalog; path = Assets.xcassets; sourceTree = "<group>"; };
		B5E30D522B1495E300F10B4D /* Preview Assets.xcassets */ = {isa = PBXFileReference; lastKnownFileType = folder.assetcatalog; path = "Preview Assets.xcassets"; sourceTree = "<group>"; };
		B5E30D582B1495E400F10B4D /* MoodNotifyTests.xctest */ = {isa = PBXFileReference; explicitFileType = wrapper.cfbundle; includeInIndex = 0; path = MoodNotifyTests.xctest; sourceTree = BUILT_PRODUCTS_DIR; };
		B5E30D5C2B1495E400F10B4D /* MoodNotifyTests.swift */ = {isa = PBXFileReference; lastKnownFileType = sourcecode.swift; path = MoodNotifyTests.swift; sourceTree = "<group>"; };
		B5E30D622B1495E400F10B4D /* MoodNotifyUITests.xctest */ = {isa = PBXFileReference; explicitFileType = wrapper.cfbundle; includeInIndex = 0; path = MoodNotifyUITests.xctest; sourceTree = BUILT_PRODUCTS_DIR; };
		B5E30D662B1495E400F10B4D /* MoodNotifyUITests.swift */ = {isa = PBXFileReference; lastKnownFileType = sourcecode.swift; path = MoodNotifyUITests.swift; sourceTree = "<group>"; };
		B5E30D682B1495E400F10B4D /* MoodNotifyUITestsLaunchTests.swift */ = {isa = PBXFileReference; lastKnownFileType = sourcecode.swift; path = MoodNotifyUITestsLaunchTests.swift; sourceTree = "<group>"; };
/* End PBXFileReference section */

/* Begin PBXFrameworksBuildPhase section */
		B5E30D452B1495E100F10B4D /* Frameworks */ = {
			isa = PBXFrameworksBuildPhase;
			buildActionMask = 2147483647;
			files = (
				B5C692BA2B454F4F007E048D /* FirebaseDatabase in Frameworks */,
				B5C692C82B454F4F007E048D /* FirebaseFunctionsCombine-Community in Frameworks */,
				B5C692C02B454F4F007E048D /* FirebaseFirestore in Frameworks */,
				B5C692AC2B454F4F007E048D /* FirebaseAnalyticsSwift in Frameworks */,
				B5C692A82B454F4F007E048D /* FirebaseAnalytics in Frameworks */,
				B5C692AA2B454F4F007E048D /* FirebaseAnalyticsOnDeviceConversion in Frameworks */,
				B5C692D02B454F4F007E048D /* FirebaseMLModelDownloader in Frameworks */,
				B5C692E32B455970007E048D /* GoogleSignInSwift in Frameworks */,
				B5C692C42B454F4F007E048D /* FirebaseFirestoreSwift in Frameworks */,
				B5C692B02B454F4F007E048D /* FirebaseAppCheck in Frameworks */,
				B5C692AE2B454F4F007E048D /* FirebaseAnalyticsWithoutAdIdSupport in Frameworks */,
				B5C692B42B454F4F007E048D /* FirebaseAuth in Frameworks */,
				B5C692B82B454F4F007E048D /* FirebaseCrashlytics in Frameworks */,
				B5C692D82B454F4F007E048D /* FirebaseRemoteConfigSwift in Frameworks */,
				B5C692E12B455970007E048D /* GoogleSignIn in Frameworks */,
				B5C692CA2B454F4F007E048D /* FirebaseInAppMessaging-Beta in Frameworks */,
				B5C692BC2B454F4F007E048D /* FirebaseDatabaseSwift in Frameworks */,
				B5C692C62B454F4F007E048D /* FirebaseFunctions in Frameworks */,
				B5C692DC2B454F4F007E048D /* FirebaseStorageCombine-Community in Frameworks */,
				B5C692D62B454F4F007E048D /* FirebaseRemoteConfig in Frameworks */,
				B5C692B22B454F4F007E048D /* FirebaseAppDistribution-Beta in Frameworks */,
				B5C692B62B454F4F007E048D /* FirebaseAuthCombine-Community in Frameworks */,
				B5C692D42B454F4F007E048D /* FirebasePerformance in Frameworks */,
				B5C692CC2B454F4F007E048D /* FirebaseInAppMessagingSwift-Beta in Frameworks */,
				B5C692DA2B454F4F007E048D /* FirebaseStorage in Frameworks */,
				B5C692BE2B454F4F007E048D /* FirebaseDynamicLinks in Frameworks */,
				B5C692C22B454F4F007E048D /* FirebaseFirestoreCombine-Community in Frameworks */,
				B5C692D22B454F4F007E048D /* FirebaseMessaging in Frameworks */,
				B5C692CE2B454F4F007E048D /* FirebaseInstallations in Frameworks */,
			);
			runOnlyForDeploymentPostprocessing = 0;
		};
		B5E30D552B1495E300F10B4D /* Frameworks */ = {
			isa = PBXFrameworksBuildPhase;
			buildActionMask = 2147483647;
			files = (
			);
			runOnlyForDeploymentPostprocessing = 0;
		};
		B5E30D5F2B1495E400F10B4D /* Frameworks */ = {
			isa = PBXFrameworksBuildPhase;
			buildActionMask = 2147483647;
			files = (
			);
			runOnlyForDeploymentPostprocessing = 0;
		};
/* End PBXFrameworksBuildPhase section */

/* Begin PBXGroup section */
		B533EC592B14C33E005E6498 /* Extension */ = {
			isa = PBXGroup;
			children = (
				B533EC5A2B14C360005E6498 /* CGFloat+Ext.swift */,
				B5546DB12B15E93F007CE5B4 /* Bundle+Ext.swift */,
				B5546DB92B15F02D007CE5B4 /* View+Ext.swift */,
				B58CB80B2B176FFC005EEB26 /* String+Ext.swift */,
			);
			path = Extension;
			sourceTree = "<group>";
		};
		B533EC5C2B14C698005E6498 /* Views */ = {
			isa = PBXGroup;
			children = (
				B5AE93232B2B036F00549577 /* LoginOnboardingView.swift */,
			);
			path = Views;
			sourceTree = "<group>";
		};
		B5546DB32B15E963007CE5B4 /* Model */ = {
			isa = PBXGroup;
			children = (
				B5546DB42B15E98C007CE5B4 /* CPDataModel.swift */,
				B54AF9C92B19E9100035BDBA /* InterestsModel.swift */,
				B55B026F2B33113000FCDB13 /* UserAppearanceModel.swift */,
			);
			path = Model;
			sourceTree = "<group>";
		};
		B5546DB62B15E9C1007CE5B4 /* Helper */ = {
			isa = PBXGroup;
			children = (
				B58CB8082B176234005EEB26 /* Enums */,
				B5546DBE2B16139E007CE5B4 /* Style */,
				B5546DB72B15E9D1007CE5B4 /* CountryNumbers.json */,
				B533EC592B14C33E005E6498 /* Extension */,
				B57D03182B33676900179EA1 /* ShakeEffect.swift */,
			);
			path = Helper;
			sourceTree = "<group>";
		};
		B5546DBE2B16139E007CE5B4 /* Style */ = {
			isa = PBXGroup;
			children = (
				B5546DC12B1613E5007CE5B4 /* OnboardingButtonStyle.swift */,
			);
			path = Style;
			sourceTree = "<group>";
		};
		B55B02632B32E21B00FCDB13 /* UserAppearance */ = {
			isa = PBXGroup;
			children = (
				B55B026E2B32F1D900FCDB13 /* Views */,
				B55B02642B32E23A00FCDB13 /* UserAppearanceView.swift */,
				B55B02662B32E25A00FCDB13 /* UserAppearanceViewModel.swift */,
			);
			path = UserAppearance;
			sourceTree = "<group>";
		};
		B55B026E2B32F1D900FCDB13 /* Views */ = {
			isa = PBXGroup;
			children = (
				B5C432582B1894B4000EDA16 /* StepBarView.swift */,
				B5C4325A2B189AD9000EDA16 /* StepButtonsView.swift */,
				B54AF9C52B19D8340035BDBA /* NameBirthdayView.swift */,
				B54AF9C72B19E3FB0035BDBA /* GenderView.swift */,
				B54AF9CB2B1A132C0035BDBA /* InterestItemView.swift */,
				B55A6D062B1CA9D800A7CCEA /* InterestView.swift */,
				B5289B6E2B1DE65E00E482FE /* PhotosPickerView.swift */,
				B5289B702B1DEBC200E482FE /* PickPhotoView.swift */,
			);
			path = Views;
			sourceTree = "<group>";
		};
		B58CB7FD2B17172D005EEB26 /* Views */ = {
			isa = PBXGroup;
			children = (
				B55B02632B32E21B00FCDB13 /* UserAppearance */,
				B5AE93202B2AF2B000549577 /* SplashView */,
				B5C432522B186873000EDA16 /* AuthView */,
				B58CB7FE2B171751005EEB26 /* EnterPhoneView */,
				B5E30D762B14961500F10B4D /* LoginView */,
			);
			path = Views;
			sourceTree = "<group>";
		};
		B58CB7FE2B171751005EEB26 /* EnterPhoneView */ = {
			isa = PBXGroup;
			children = (
				B58CB7FF2B171777005EEB26 /* Views */,
				B5546DAF2B15E51C007CE5B4 /* PhoneNumberVerifyView.swift */,
				B54505BB2B21F9D800BED87D /* PhoneNumberVerifyViewModel.swift */,
			);
			path = EnterPhoneView;
			sourceTree = "<group>";
		};
		B58CB7FF2B171777005EEB26 /* Views */ = {
			isa = PBXGroup;
			children = (
				B5546DBC2B15F167007CE5B4 /* PickCPCodeView.swift */,
				B58CB8022B172598005EEB26 /* DigitsCodeView.swift */,
				B58CB8042B17391E005EEB26 /* CodeInputView.swift */,
				B58CB8062B1758E8005EEB26 /* EnterPhoneNumberView.swift */,
			);
			path = Views;
			sourceTree = "<group>";
		};
		B58CB8082B176234005EEB26 /* Enums */ = {
			isa = PBXGroup;
			children = (
				B58CB8092B17623F005EEB26 /* VerifyPhoneStep.swift */,
				B5C432552B187D2C000EDA16 /* RegisterStep.swift */,
				B55B02682B32EA9A00FCDB13 /* RegisterNavigate.swift */,
				B55B026A2B32EAB100FCDB13 /* SplashNavigate.swift */,
			);
			path = Enums;
			sourceTree = "<group>";
		};
		B5AE93202B2AF2B000549577 /* SplashView */ = {
			isa = PBXGroup;
			children = (
				B5C692E82B457DD0007E048D /* Views */,
				B5AE93212B2AF2C300549577 /* SplashView.swift */,
			);
			path = SplashView;
			sourceTree = "<group>";
		};
		B5C432522B186873000EDA16 /* AuthView */ = {
			isa = PBXGroup;
			children = (
				B5C432572B1893C5000EDA16 /* Views */,
				B5C432532B186882000EDA16 /* AuthView.swift */,
				B5518E822B1F497A003FF8DB /* AuthViewModel.swift */,
			);
			path = AuthView;
			sourceTree = "<group>";
		};
		B5C432572B1893C5000EDA16 /* Views */ = {
			isa = PBXGroup;
			children = (
				B506E8662B1553D400921852 /* AuthButtonsView.swift */,
				B55B026C2B32ECB300FCDB13 /* AuthMidView.swift */,
			);
			path = Views;
			sourceTree = "<group>";
		};
		B5C692E82B457DD0007E048D /* Views */ = {
			isa = PBXGroup;
			children = (
				B533EC5D2B14C6A3005E6498 /* CircleView.swift */,
			);
			path = Views;
			sourceTree = "<group>";
		};
		B5E30D3F2B1495E100F10B4D = {
			isa = PBXGroup;
			children = (
				B5E30D4A2B1495E100F10B4D /* MoodNotify */,
				B5E30D5B2B1495E400F10B4D /* MoodNotifyTests */,
				B5E30D652B1495E400F10B4D /* MoodNotifyUITests */,
				B5E30D492B1495E100F10B4D /* Products */,
			);
			sourceTree = "<group>";
		};
		B5E30D492B1495E100F10B4D /* Products */ = {
			isa = PBXGroup;
			children = (
				B5E30D482B1495E100F10B4D /* MoodNotify.app */,
				B5E30D582B1495E400F10B4D /* MoodNotifyTests.xctest */,
				B5E30D622B1495E400F10B4D /* MoodNotifyUITests.xctest */,
			);
			name = Products;
			sourceTree = "<group>";
		};
		B5E30D4A2B1495E100F10B4D /* MoodNotify */ = {
			isa = PBXGroup;
			children = (
				B5C692E62B455AB4007E048D /* Info.plist */,
				B58CB7FD2B17172D005EEB26 /* Views */,
				B5E30D752B14961000F10B4D /* App */,
				B5546DB62B15E9C1007CE5B4 /* Helper */,
				B5546DB32B15E963007CE5B4 /* Model */,
				B5E30D512B1495E300F10B4D /* Preview Content */,
			);
			path = MoodNotify;
			sourceTree = "<group>";
		};
		B5E30D512B1495E300F10B4D /* Preview Content */ = {
			isa = PBXGroup;
			children = (
				B5E30D522B1495E300F10B4D /* Preview Assets.xcassets */,
			);
			path = "Preview Content";
			sourceTree = "<group>";
		};
		B5E30D5B2B1495E400F10B4D /* MoodNotifyTests */ = {
			isa = PBXGroup;
			children = (
				B5E30D5C2B1495E400F10B4D /* MoodNotifyTests.swift */,
			);
			path = MoodNotifyTests;
			sourceTree = "<group>";
		};
		B5E30D652B1495E400F10B4D /* MoodNotifyUITests */ = {
			isa = PBXGroup;
			children = (
				B5E30D662B1495E400F10B4D /* MoodNotifyUITests.swift */,
				B5E30D682B1495E400F10B4D /* MoodNotifyUITestsLaunchTests.swift */,
			);
			path = MoodNotifyUITests;
			sourceTree = "<group>";
		};
		B5E30D752B14961000F10B4D /* App */ = {
			isa = PBXGroup;
			children = (
				B5E30D4B2B1495E100F10B4D /* MoodNotifyApp.swift */,
				B5E30D4F2B1495E300F10B4D /* Assets.xcassets */,
				B5C692E42B4559FF007E048D /* GoogleService-Info.plist */,
				B5C692DD2B455575007E048D /* AppDelegate.swift */,
			);
			path = App;
			sourceTree = "<group>";
		};
		B5E30D762B14961500F10B4D /* LoginView */ = {
			isa = PBXGroup;
			children = (
				B533EC5C2B14C698005E6498 /* Views */,
				B5E30D4D2B1495E100F10B4D /* LoginView.swift */,
				B5758CB12B3212E300DAE628 /* LoginViewModel.swift */,
			);
			path = LoginView;
			sourceTree = "<group>";
		};
/* End PBXGroup section */

/* Begin PBXNativeTarget section */
		B5E30D472B1495E100F10B4D /* MoodNotify */ = {
			isa = PBXNativeTarget;
			buildConfigurationList = B5E30D6C2B1495E400F10B4D /* Build configuration list for PBXNativeTarget "MoodNotify" */;
			buildPhases = (
				B5E30D442B1495E100F10B4D /* Sources */,
				B5E30D452B1495E100F10B4D /* Frameworks */,
				B5E30D462B1495E100F10B4D /* Resources */,
			);
			buildRules = (
			);
			dependencies = (
			);
			name = MoodNotify;
			packageProductDependencies = (
				B5C692A72B454F4F007E048D /* FirebaseAnalytics */,
				B5C692A92B454F4F007E048D /* FirebaseAnalyticsOnDeviceConversion */,
				B5C692AB2B454F4F007E048D /* FirebaseAnalyticsSwift */,
				B5C692AD2B454F4F007E048D /* FirebaseAnalyticsWithoutAdIdSupport */,
				B5C692AF2B454F4F007E048D /* FirebaseAppCheck */,
				B5C692B12B454F4F007E048D /* FirebaseAppDistribution-Beta */,
				B5C692B32B454F4F007E048D /* FirebaseAuth */,
				B5C692B52B454F4F007E048D /* FirebaseAuthCombine-Community */,
				B5C692B72B454F4F007E048D /* FirebaseCrashlytics */,
				B5C692B92B454F4F007E048D /* FirebaseDatabase */,
				B5C692BB2B454F4F007E048D /* FirebaseDatabaseSwift */,
				B5C692BD2B454F4F007E048D /* FirebaseDynamicLinks */,
				B5C692BF2B454F4F007E048D /* FirebaseFirestore */,
				B5C692C12B454F4F007E048D /* FirebaseFirestoreCombine-Community */,
				B5C692C32B454F4F007E048D /* FirebaseFirestoreSwift */,
				B5C692C52B454F4F007E048D /* FirebaseFunctions */,
				B5C692C72B454F4F007E048D /* FirebaseFunctionsCombine-Community */,
				B5C692C92B454F4F007E048D /* FirebaseInAppMessaging-Beta */,
				B5C692CB2B454F4F007E048D /* FirebaseInAppMessagingSwift-Beta */,
				B5C692CD2B454F4F007E048D /* FirebaseInstallations */,
				B5C692CF2B454F4F007E048D /* FirebaseMLModelDownloader */,
				B5C692D12B454F4F007E048D /* FirebaseMessaging */,
				B5C692D32B454F4F007E048D /* FirebasePerformance */,
				B5C692D52B454F4F007E048D /* FirebaseRemoteConfig */,
				B5C692D72B454F4F007E048D /* FirebaseRemoteConfigSwift */,
				B5C692D92B454F4F007E048D /* FirebaseStorage */,
				B5C692DB2B454F4F007E048D /* FirebaseStorageCombine-Community */,
				B5C692E02B455970007E048D /* GoogleSignIn */,
				B5C692E22B455970007E048D /* GoogleSignInSwift */,
			);
			productName = MoodNotify;
			productReference = B5E30D482B1495E100F10B4D /* MoodNotify.app */;
			productType = "com.apple.product-type.application";
		};
		B5E30D572B1495E300F10B4D /* MoodNotifyTests */ = {
			isa = PBXNativeTarget;
			buildConfigurationList = B5E30D6F2B1495E400F10B4D /* Build configuration list for PBXNativeTarget "MoodNotifyTests" */;
			buildPhases = (
				B5E30D542B1495E300F10B4D /* Sources */,
				B5E30D552B1495E300F10B4D /* Frameworks */,
				B5E30D562B1495E300F10B4D /* Resources */,
			);
			buildRules = (
			);
			dependencies = (
				B5E30D5A2B1495E400F10B4D /* PBXTargetDependency */,
			);
			name = MoodNotifyTests;
			productName = MoodNotifyTests;
			productReference = B5E30D582B1495E400F10B4D /* MoodNotifyTests.xctest */;
			productType = "com.apple.product-type.bundle.unit-test";
		};
		B5E30D612B1495E400F10B4D /* MoodNotifyUITests */ = {
			isa = PBXNativeTarget;
			buildConfigurationList = B5E30D722B1495E400F10B4D /* Build configuration list for PBXNativeTarget "MoodNotifyUITests" */;
			buildPhases = (
				B5E30D5E2B1495E400F10B4D /* Sources */,
				B5E30D5F2B1495E400F10B4D /* Frameworks */,
				B5E30D602B1495E400F10B4D /* Resources */,
			);
			buildRules = (
			);
			dependencies = (
				B5E30D642B1495E400F10B4D /* PBXTargetDependency */,
			);
			name = MoodNotifyUITests;
			productName = MoodNotifyUITests;
			productReference = B5E30D622B1495E400F10B4D /* MoodNotifyUITests.xctest */;
			productType = "com.apple.product-type.bundle.ui-testing";
		};
/* End PBXNativeTarget section */

/* Begin PBXProject section */
		B5E30D402B1495E100F10B4D /* Project object */ = {
			isa = PBXProject;
			attributes = {
				BuildIndependentTargetsInParallel = 1;
				LastSwiftUpdateCheck = 1500;
				LastUpgradeCheck = 1500;
				TargetAttributes = {
					B5E30D472B1495E100F10B4D = {
						CreatedOnToolsVersion = 15.0;
					};
					B5E30D572B1495E300F10B4D = {
						CreatedOnToolsVersion = 15.0;
						TestTargetID = B5E30D472B1495E100F10B4D;
					};
					B5E30D612B1495E400F10B4D = {
						CreatedOnToolsVersion = 15.0;
						TestTargetID = B5E30D472B1495E100F10B4D;
					};
				};
			};
			buildConfigurationList = B5E30D432B1495E100F10B4D /* Build configuration list for PBXProject "MoodNotify" */;
			compatibilityVersion = "Xcode 14.0";
			developmentRegion = en;
			hasScannedForEncodings = 0;
			knownRegions = (
				en,
				Base,
			);
			mainGroup = B5E30D3F2B1495E100F10B4D;
			packageReferences = (
				B5C692A62B454F4F007E048D /* XCRemoteSwiftPackageReference "firebase-ios-sdk" */,
				B5C692DF2B455970007E048D /* XCRemoteSwiftPackageReference "GoogleSignIn-iOS" */,
			);
			productRefGroup = B5E30D492B1495E100F10B4D /* Products */;
			projectDirPath = "";
			projectRoot = "";
			targets = (
				B5E30D472B1495E100F10B4D /* MoodNotify */,
				B5E30D572B1495E300F10B4D /* MoodNotifyTests */,
				B5E30D612B1495E400F10B4D /* MoodNotifyUITests */,
			);
		};
/* End PBXProject section */

/* Begin PBXResourcesBuildPhase section */
		B5E30D462B1495E100F10B4D /* Resources */ = {
			isa = PBXResourcesBuildPhase;
			buildActionMask = 2147483647;
			files = (
				B5546DB82B15E9D1007CE5B4 /* CountryNumbers.json in Resources */,
				B5C692E52B4559FF007E048D /* GoogleService-Info.plist in Resources */,
				B5E30D532B1495E300F10B4D /* Preview Assets.xcassets in Resources */,
				B5E30D502B1495E300F10B4D /* Assets.xcassets in Resources */,
			);
			runOnlyForDeploymentPostprocessing = 0;
		};
		B5E30D562B1495E300F10B4D /* Resources */ = {
			isa = PBXResourcesBuildPhase;
			buildActionMask = 2147483647;
			files = (
			);
			runOnlyForDeploymentPostprocessing = 0;
		};
		B5E30D602B1495E400F10B4D /* Resources */ = {
			isa = PBXResourcesBuildPhase;
			buildActionMask = 2147483647;
			files = (
			);
			runOnlyForDeploymentPostprocessing = 0;
		};
/* End PBXResourcesBuildPhase section */

/* Begin PBXSourcesBuildPhase section */
		B5E30D442B1495E100F10B4D /* Sources */ = {
			isa = PBXSourcesBuildPhase;
			buildActionMask = 2147483647;
			files = (
				B54AF9C62B19D8340035BDBA /* NameBirthdayView.swift in Sources */,
				B506E8672B1553D400921852 /* AuthButtonsView.swift in Sources */,
				B58CB8032B172598005EEB26 /* DigitsCodeView.swift in Sources */,
				B55B02652B32E23A00FCDB13 /* UserAppearanceView.swift in Sources */,
				B5C432592B1894B4000EDA16 /* StepBarView.swift in Sources */,
				B58CB8072B1758E8005EEB26 /* EnterPhoneNumberView.swift in Sources */,
				B54AF9C82B19E3FB0035BDBA /* GenderView.swift in Sources */,
				B55B02692B32EA9A00FCDB13 /* RegisterNavigate.swift in Sources */,
				B5C692DE2B455575007E048D /* AppDelegate.swift in Sources */,
				B533EC5E2B14C6A3005E6498 /* CircleView.swift in Sources */,
				B5546DBA2B15F02D007CE5B4 /* View+Ext.swift in Sources */,
				B55B02702B33113000FCDB13 /* UserAppearanceModel.swift in Sources */,
				B54AF9CA2B19E9100035BDBA /* InterestsModel.swift in Sources */,
				B54505BC2B21F9D800BED87D /* PhoneNumberVerifyViewModel.swift in Sources */,
				B54AF9CC2B1A132C0035BDBA /* InterestItemView.swift in Sources */,
				B5C4325B2B189AD9000EDA16 /* StepButtonsView.swift in Sources */,
				B5546DB52B15E98C007CE5B4 /* CPDataModel.swift in Sources */,
				B533EC5B2B14C360005E6498 /* CGFloat+Ext.swift in Sources */,
				B5E30D4E2B1495E100F10B4D /* LoginView.swift in Sources */,
				B55B026B2B32EAB100FCDB13 /* SplashNavigate.swift in Sources */,
				B55A6D072B1CA9D800A7CCEA /* InterestView.swift in Sources */,
				B5C432542B186882000EDA16 /* AuthView.swift in Sources */,
				B5AE93222B2AF2C300549577 /* SplashView.swift in Sources */,
				B5546DB22B15E93F007CE5B4 /* Bundle+Ext.swift in Sources */,
				B58CB80A2B17623F005EEB26 /* VerifyPhoneStep.swift in Sources */,
				B5758CB22B3212E300DAE628 /* LoginViewModel.swift in Sources */,
				B5546DC22B1613E5007CE5B4 /* OnboardingButtonStyle.swift in Sources */,
				B5546DBD2B15F167007CE5B4 /* PickCPCodeView.swift in Sources */,
				B5546DB02B15E51C007CE5B4 /* PhoneNumberVerifyView.swift in Sources */,
				B55B026D2B32ECB300FCDB13 /* AuthMidView.swift in Sources */,
				B5E30D4C2B1495E100F10B4D /* MoodNotifyApp.swift in Sources */,
				B58CB80C2B176FFC005EEB26 /* String+Ext.swift in Sources */,
				B55B02672B32E25A00FCDB13 /* UserAppearanceViewModel.swift in Sources */,
				B5518E832B1F497A003FF8DB /* AuthViewModel.swift in Sources */,
				B5289B712B1DEBC200E482FE /* PickPhotoView.swift in Sources */,
				B5C432562B187D2C000EDA16 /* RegisterStep.swift in Sources */,
				B58CB8052B17391E005EEB26 /* CodeInputView.swift in Sources */,
				B5289B6F2B1DE65E00E482FE /* PhotosPickerView.swift in Sources */,
				B5AE93242B2B036F00549577 /* LoginOnboardingView.swift in Sources */,
				B57D03192B33676900179EA1 /* ShakeEffect.swift in Sources */,
			);
			runOnlyForDeploymentPostprocessing = 0;
		};
		B5E30D542B1495E300F10B4D /* Sources */ = {
			isa = PBXSourcesBuildPhase;
			buildActionMask = 2147483647;
			files = (
				B5E30D5D2B1495E400F10B4D /* MoodNotifyTests.swift in Sources */,
			);
			runOnlyForDeploymentPostprocessing = 0;
		};
		B5E30D5E2B1495E400F10B4D /* Sources */ = {
			isa = PBXSourcesBuildPhase;
			buildActionMask = 2147483647;
			files = (
				B5E30D692B1495E400F10B4D /* MoodNotifyUITestsLaunchTests.swift in Sources */,
				B5E30D672B1495E400F10B4D /* MoodNotifyUITests.swift in Sources */,
			);
			runOnlyForDeploymentPostprocessing = 0;
		};
/* End PBXSourcesBuildPhase section */

/* Begin PBXTargetDependency section */
		B5E30D5A2B1495E400F10B4D /* PBXTargetDependency */ = {
			isa = PBXTargetDependency;
			target = B5E30D472B1495E100F10B4D /* MoodNotify */;
			targetProxy = B5E30D592B1495E400F10B4D /* PBXContainerItemProxy */;
		};
		B5E30D642B1495E400F10B4D /* PBXTargetDependency */ = {
			isa = PBXTargetDependency;
			target = B5E30D472B1495E100F10B4D /* MoodNotify */;
			targetProxy = B5E30D632B1495E400F10B4D /* PBXContainerItemProxy */;
		};
/* End PBXTargetDependency section */

/* Begin XCBuildConfiguration section */
		B5E30D6A2B1495E400F10B4D /* Debug */ = {
			isa = XCBuildConfiguration;
			buildSettings = {
				ALWAYS_SEARCH_USER_PATHS = NO;
				ASSETCATALOG_COMPILER_GENERATE_SWIFT_ASSET_SYMBOL_EXTENSIONS = YES;
				CLANG_ANALYZER_NONNULL = YES;
				CLANG_ANALYZER_NUMBER_OBJECT_CONVERSION = YES_AGGRESSIVE;
				CLANG_CXX_LANGUAGE_STANDARD = "gnu++20";
				CLANG_ENABLE_MODULES = YES;
				CLANG_ENABLE_OBJC_ARC = YES;
				CLANG_ENABLE_OBJC_WEAK = YES;
				CLANG_WARN_BLOCK_CAPTURE_AUTORELEASING = YES;
				CLANG_WARN_BOOL_CONVERSION = YES;
				CLANG_WARN_COMMA = YES;
				CLANG_WARN_CONSTANT_CONVERSION = YES;
				CLANG_WARN_DEPRECATED_OBJC_IMPLEMENTATIONS = YES;
				CLANG_WARN_DIRECT_OBJC_ISA_USAGE = YES_ERROR;
				CLANG_WARN_DOCUMENTATION_COMMENTS = YES;
				CLANG_WARN_EMPTY_BODY = YES;
				CLANG_WARN_ENUM_CONVERSION = YES;
				CLANG_WARN_INFINITE_RECURSION = YES;
				CLANG_WARN_INT_CONVERSION = YES;
				CLANG_WARN_NON_LITERAL_NULL_CONVERSION = YES;
				CLANG_WARN_OBJC_IMPLICIT_RETAIN_SELF = YES;
				CLANG_WARN_OBJC_LITERAL_CONVERSION = YES;
				CLANG_WARN_OBJC_ROOT_CLASS = YES_ERROR;
				CLANG_WARN_QUOTED_INCLUDE_IN_FRAMEWORK_HEADER = YES;
				CLANG_WARN_RANGE_LOOP_ANALYSIS = YES;
				CLANG_WARN_STRICT_PROTOTYPES = YES;
				CLANG_WARN_SUSPICIOUS_MOVE = YES;
				CLANG_WARN_UNGUARDED_AVAILABILITY = YES_AGGRESSIVE;
				CLANG_WARN_UNREACHABLE_CODE = YES;
				CLANG_WARN__DUPLICATE_METHOD_MATCH = YES;
				COPY_PHASE_STRIP = NO;
				DEBUG_INFORMATION_FORMAT = dwarf;
				ENABLE_STRICT_OBJC_MSGSEND = YES;
				ENABLE_TESTABILITY = YES;
				ENABLE_USER_SCRIPT_SANDBOXING = YES;
				GCC_C_LANGUAGE_STANDARD = gnu17;
				GCC_DYNAMIC_NO_PIC = NO;
				GCC_NO_COMMON_BLOCKS = YES;
				GCC_OPTIMIZATION_LEVEL = 0;
				GCC_PREPROCESSOR_DEFINITIONS = (
					"DEBUG=1",
					"$(inherited)",
				);
				GCC_WARN_64_TO_32_BIT_CONVERSION = YES;
				GCC_WARN_ABOUT_RETURN_TYPE = YES_ERROR;
				GCC_WARN_UNDECLARED_SELECTOR = YES;
				GCC_WARN_UNINITIALIZED_AUTOS = YES_AGGRESSIVE;
				GCC_WARN_UNUSED_FUNCTION = YES;
				GCC_WARN_UNUSED_VARIABLE = YES;
				IPHONEOS_DEPLOYMENT_TARGET = 17.0;
				LOCALIZATION_PREFERS_STRING_CATALOGS = YES;
				MTL_ENABLE_DEBUG_INFO = INCLUDE_SOURCE;
				MTL_FAST_MATH = YES;
				ONLY_ACTIVE_ARCH = YES;
				SDKROOT = iphoneos;
				SWIFT_ACTIVE_COMPILATION_CONDITIONS = "DEBUG $(inherited)";
				SWIFT_OPTIMIZATION_LEVEL = "-Onone";
			};
			name = Debug;
		};
		B5E30D6B2B1495E400F10B4D /* Release */ = {
			isa = XCBuildConfiguration;
			buildSettings = {
				ALWAYS_SEARCH_USER_PATHS = NO;
				ASSETCATALOG_COMPILER_GENERATE_SWIFT_ASSET_SYMBOL_EXTENSIONS = YES;
				CLANG_ANALYZER_NONNULL = YES;
				CLANG_ANALYZER_NUMBER_OBJECT_CONVERSION = YES_AGGRESSIVE;
				CLANG_CXX_LANGUAGE_STANDARD = "gnu++20";
				CLANG_ENABLE_MODULES = YES;
				CLANG_ENABLE_OBJC_ARC = YES;
				CLANG_ENABLE_OBJC_WEAK = YES;
				CLANG_WARN_BLOCK_CAPTURE_AUTORELEASING = YES;
				CLANG_WARN_BOOL_CONVERSION = YES;
				CLANG_WARN_COMMA = YES;
				CLANG_WARN_CONSTANT_CONVERSION = YES;
				CLANG_WARN_DEPRECATED_OBJC_IMPLEMENTATIONS = YES;
				CLANG_WARN_DIRECT_OBJC_ISA_USAGE = YES_ERROR;
				CLANG_WARN_DOCUMENTATION_COMMENTS = YES;
				CLANG_WARN_EMPTY_BODY = YES;
				CLANG_WARN_ENUM_CONVERSION = YES;
				CLANG_WARN_INFINITE_RECURSION = YES;
				CLANG_WARN_INT_CONVERSION = YES;
				CLANG_WARN_NON_LITERAL_NULL_CONVERSION = YES;
				CLANG_WARN_OBJC_IMPLICIT_RETAIN_SELF = YES;
				CLANG_WARN_OBJC_LITERAL_CONVERSION = YES;
				CLANG_WARN_OBJC_ROOT_CLASS = YES_ERROR;
				CLANG_WARN_QUOTED_INCLUDE_IN_FRAMEWORK_HEADER = YES;
				CLANG_WARN_RANGE_LOOP_ANALYSIS = YES;
				CLANG_WARN_STRICT_PROTOTYPES = YES;
				CLANG_WARN_SUSPICIOUS_MOVE = YES;
				CLANG_WARN_UNGUARDED_AVAILABILITY = YES_AGGRESSIVE;
				CLANG_WARN_UNREACHABLE_CODE = YES;
				CLANG_WARN__DUPLICATE_METHOD_MATCH = YES;
				COPY_PHASE_STRIP = NO;
				DEBUG_INFORMATION_FORMAT = "dwarf-with-dsym";
				ENABLE_NS_ASSERTIONS = NO;
				ENABLE_STRICT_OBJC_MSGSEND = YES;
				ENABLE_USER_SCRIPT_SANDBOXING = YES;
				GCC_C_LANGUAGE_STANDARD = gnu17;
				GCC_NO_COMMON_BLOCKS = YES;
				GCC_WARN_64_TO_32_BIT_CONVERSION = YES;
				GCC_WARN_ABOUT_RETURN_TYPE = YES_ERROR;
				GCC_WARN_UNDECLARED_SELECTOR = YES;
				GCC_WARN_UNINITIALIZED_AUTOS = YES_AGGRESSIVE;
				GCC_WARN_UNUSED_FUNCTION = YES;
				GCC_WARN_UNUSED_VARIABLE = YES;
				IPHONEOS_DEPLOYMENT_TARGET = 17.0;
				LOCALIZATION_PREFERS_STRING_CATALOGS = YES;
				MTL_ENABLE_DEBUG_INFO = NO;
				MTL_FAST_MATH = YES;
				SDKROOT = iphoneos;
				SWIFT_COMPILATION_MODE = wholemodule;
				VALIDATE_PRODUCT = YES;
			};
			name = Release;
		};
		B5E30D6D2B1495E400F10B4D /* Debug */ = {
			isa = XCBuildConfiguration;
			buildSettings = {
				ASSETCATALOG_COMPILER_APPICON_NAME = AppIcon;
				ASSETCATALOG_COMPILER_GLOBAL_ACCENT_COLOR_NAME = AccentColor;
				CODE_SIGN_STYLE = Automatic;
				CURRENT_PROJECT_VERSION = 1;
				DEVELOPMENT_ASSET_PATHS = "\"MoodNotify/Preview Content\"";
				ENABLE_PREVIEWS = YES;
				GENERATE_INFOPLIST_FILE = YES;
				INFOPLIST_FILE = MoodNotify/Info.plist;
				INFOPLIST_KEY_UIApplicationSceneManifest_Generation = YES;
				INFOPLIST_KEY_UIApplicationSupportsIndirectInputEvents = YES;
				INFOPLIST_KEY_UILaunchScreen_Generation = YES;
				INFOPLIST_KEY_UISupportedInterfaceOrientations = UIInterfaceOrientationPortrait;
				IPHONEOS_DEPLOYMENT_TARGET = 16.0;
				LD_RUNPATH_SEARCH_PATHS = (
					"$(inherited)",
					"@executable_path/Frameworks",
				);
				MARKETING_VERSION = 1.0;
				PRODUCT_BUNDLE_IDENTIFIER = MmtDrn.MoodNotify;
				PRODUCT_NAME = "$(TARGET_NAME)";
				SWIFT_EMIT_LOC_STRINGS = YES;
				SWIFT_VERSION = 5.0;
				TARGETED_DEVICE_FAMILY = "1,2";
			};
			name = Debug;
		};
		B5E30D6E2B1495E400F10B4D /* Release */ = {
			isa = XCBuildConfiguration;
			buildSettings = {
				ASSETCATALOG_COMPILER_APPICON_NAME = AppIcon;
				ASSETCATALOG_COMPILER_GLOBAL_ACCENT_COLOR_NAME = AccentColor;
				CODE_SIGN_STYLE = Automatic;
				CURRENT_PROJECT_VERSION = 1;
				DEVELOPMENT_ASSET_PATHS = "\"MoodNotify/Preview Content\"";
				ENABLE_PREVIEWS = YES;
				GENERATE_INFOPLIST_FILE = YES;
				INFOPLIST_FILE = MoodNotify/Info.plist;
				INFOPLIST_KEY_UIApplicationSceneManifest_Generation = YES;
				INFOPLIST_KEY_UIApplicationSupportsIndirectInputEvents = YES;
				INFOPLIST_KEY_UILaunchScreen_Generation = YES;
				INFOPLIST_KEY_UISupportedInterfaceOrientations = UIInterfaceOrientationPortrait;
				IPHONEOS_DEPLOYMENT_TARGET = 16.0;
				LD_RUNPATH_SEARCH_PATHS = (
					"$(inherited)",
					"@executable_path/Frameworks",
				);
				MARKETING_VERSION = 1.0;
				PRODUCT_BUNDLE_IDENTIFIER = MmtDrn.MoodNotify;
				PRODUCT_NAME = "$(TARGET_NAME)";
				SWIFT_EMIT_LOC_STRINGS = YES;
				SWIFT_VERSION = 5.0;
				TARGETED_DEVICE_FAMILY = "1,2";
			};
			name = Release;
		};
		B5E30D702B1495E400F10B4D /* Debug */ = {
			isa = XCBuildConfiguration;
			buildSettings = {
				ALWAYS_EMBED_SWIFT_STANDARD_LIBRARIES = YES;
				BUNDLE_LOADER = "$(TEST_HOST)";
				CODE_SIGN_STYLE = Automatic;
				CURRENT_PROJECT_VERSION = 1;
				GENERATE_INFOPLIST_FILE = YES;
				IPHONEOS_DEPLOYMENT_TARGET = 17.0;
				MARKETING_VERSION = 1.0;
				PRODUCT_BUNDLE_IDENTIFIER = MmtDrn.MoodNotifyTests;
				PRODUCT_NAME = "$(TARGET_NAME)";
				SWIFT_EMIT_LOC_STRINGS = NO;
				SWIFT_VERSION = 5.0;
				TARGETED_DEVICE_FAMILY = "1,2";
				TEST_HOST = "$(BUILT_PRODUCTS_DIR)/MoodNotify.app/$(BUNDLE_EXECUTABLE_FOLDER_PATH)/MoodNotify";
			};
			name = Debug;
		};
		B5E30D712B1495E400F10B4D /* Release */ = {
			isa = XCBuildConfiguration;
			buildSettings = {
				ALWAYS_EMBED_SWIFT_STANDARD_LIBRARIES = YES;
				BUNDLE_LOADER = "$(TEST_HOST)";
				CODE_SIGN_STYLE = Automatic;
				CURRENT_PROJECT_VERSION = 1;
				GENERATE_INFOPLIST_FILE = YES;
				IPHONEOS_DEPLOYMENT_TARGET = 17.0;
				MARKETING_VERSION = 1.0;
				PRODUCT_BUNDLE_IDENTIFIER = MmtDrn.MoodNotifyTests;
				PRODUCT_NAME = "$(TARGET_NAME)";
				SWIFT_EMIT_LOC_STRINGS = NO;
				SWIFT_VERSION = 5.0;
				TARGETED_DEVICE_FAMILY = "1,2";
				TEST_HOST = "$(BUILT_PRODUCTS_DIR)/MoodNotify.app/$(BUNDLE_EXECUTABLE_FOLDER_PATH)/MoodNotify";
			};
			name = Release;
		};
		B5E30D732B1495E400F10B4D /* Debug */ = {
			isa = XCBuildConfiguration;
			buildSettings = {
				ALWAYS_EMBED_SWIFT_STANDARD_LIBRARIES = YES;
				CODE_SIGN_STYLE = Automatic;
				CURRENT_PROJECT_VERSION = 1;
				GENERATE_INFOPLIST_FILE = YES;
				MARKETING_VERSION = 1.0;
				PRODUCT_BUNDLE_IDENTIFIER = MmtDrn.MoodNotifyUITests;
				PRODUCT_NAME = "$(TARGET_NAME)";
				SWIFT_EMIT_LOC_STRINGS = NO;
				SWIFT_VERSION = 5.0;
				TARGETED_DEVICE_FAMILY = "1,2";
				TEST_TARGET_NAME = MoodNotify;
			};
			name = Debug;
		};
		B5E30D742B1495E400F10B4D /* Release */ = {
			isa = XCBuildConfiguration;
			buildSettings = {
				ALWAYS_EMBED_SWIFT_STANDARD_LIBRARIES = YES;
				CODE_SIGN_STYLE = Automatic;
				CURRENT_PROJECT_VERSION = 1;
				GENERATE_INFOPLIST_FILE = YES;
				MARKETING_VERSION = 1.0;
				PRODUCT_BUNDLE_IDENTIFIER = MmtDrn.MoodNotifyUITests;
				PRODUCT_NAME = "$(TARGET_NAME)";
				SWIFT_EMIT_LOC_STRINGS = NO;
				SWIFT_VERSION = 5.0;
				TARGETED_DEVICE_FAMILY = "1,2";
				TEST_TARGET_NAME = MoodNotify;
			};
			name = Release;
		};
/* End XCBuildConfiguration section */

/* Begin XCConfigurationList section */
		B5E30D432B1495E100F10B4D /* Build configuration list for PBXProject "MoodNotify" */ = {
			isa = XCConfigurationList;
			buildConfigurations = (
				B5E30D6A2B1495E400F10B4D /* Debug */,
				B5E30D6B2B1495E400F10B4D /* Release */,
			);
			defaultConfigurationIsVisible = 0;
			defaultConfigurationName = Release;
		};
		B5E30D6C2B1495E400F10B4D /* Build configuration list for PBXNativeTarget "MoodNotify" */ = {
			isa = XCConfigurationList;
			buildConfigurations = (
				B5E30D6D2B1495E400F10B4D /* Debug */,
				B5E30D6E2B1495E400F10B4D /* Release */,
			);
			defaultConfigurationIsVisible = 0;
			defaultConfigurationName = Release;
		};
		B5E30D6F2B1495E400F10B4D /* Build configuration list for PBXNativeTarget "MoodNotifyTests" */ = {
			isa = XCConfigurationList;
			buildConfigurations = (
				B5E30D702B1495E400F10B4D /* Debug */,
				B5E30D712B1495E400F10B4D /* Release */,
			);
			defaultConfigurationIsVisible = 0;
			defaultConfigurationName = Release;
		};
		B5E30D722B1495E400F10B4D /* Build configuration list for PBXNativeTarget "MoodNotifyUITests" */ = {
			isa = XCConfigurationList;
			buildConfigurations = (
				B5E30D732B1495E400F10B4D /* Debug */,
				B5E30D742B1495E400F10B4D /* Release */,
			);
			defaultConfigurationIsVisible = 0;
			defaultConfigurationName = Release;
		};
/* End XCConfigurationList section */

/* Begin XCRemoteSwiftPackageReference section */
		B5C692A62B454F4F007E048D /* XCRemoteSwiftPackageReference "firebase-ios-sdk" */ = {
			isa = XCRemoteSwiftPackageReference;
			repositoryURL = "https://github.com/firebase/firebase-ios-sdk";
			requirement = {
				kind = upToNextMajorVersion;
				minimumVersion = 10.19.1;
			};
		};
		B5C692DF2B455970007E048D /* XCRemoteSwiftPackageReference "GoogleSignIn-iOS" */ = {
			isa = XCRemoteSwiftPackageReference;
			repositoryURL = "https://github.com/google/GoogleSignIn-iOS";
			requirement = {
				kind = upToNextMajorVersion;
				minimumVersion = 7.0.0;
			};
		};
/* End XCRemoteSwiftPackageReference section */

/* Begin XCSwiftPackageProductDependency section */
		B5C692A72B454F4F007E048D /* FirebaseAnalytics */ = {
			isa = XCSwiftPackageProductDependency;
			package = B5C692A62B454F4F007E048D /* XCRemoteSwiftPackageReference "firebase-ios-sdk" */;
			productName = FirebaseAnalytics;
		};
		B5C692A92B454F4F007E048D /* FirebaseAnalyticsOnDeviceConversion */ = {
			isa = XCSwiftPackageProductDependency;
			package = B5C692A62B454F4F007E048D /* XCRemoteSwiftPackageReference "firebase-ios-sdk" */;
			productName = FirebaseAnalyticsOnDeviceConversion;
		};
		B5C692AB2B454F4F007E048D /* FirebaseAnalyticsSwift */ = {
			isa = XCSwiftPackageProductDependency;
			package = B5C692A62B454F4F007E048D /* XCRemoteSwiftPackageReference "firebase-ios-sdk" */;
			productName = FirebaseAnalyticsSwift;
		};
		B5C692AD2B454F4F007E048D /* FirebaseAnalyticsWithoutAdIdSupport */ = {
			isa = XCSwiftPackageProductDependency;
			package = B5C692A62B454F4F007E048D /* XCRemoteSwiftPackageReference "firebase-ios-sdk" */;
			productName = FirebaseAnalyticsWithoutAdIdSupport;
		};
		B5C692AF2B454F4F007E048D /* FirebaseAppCheck */ = {
			isa = XCSwiftPackageProductDependency;
			package = B5C692A62B454F4F007E048D /* XCRemoteSwiftPackageReference "firebase-ios-sdk" */;
			productName = FirebaseAppCheck;
		};
		B5C692B12B454F4F007E048D /* FirebaseAppDistribution-Beta */ = {
			isa = XCSwiftPackageProductDependency;
			package = B5C692A62B454F4F007E048D /* XCRemoteSwiftPackageReference "firebase-ios-sdk" */;
			productName = "FirebaseAppDistribution-Beta";
		};
		B5C692B32B454F4F007E048D /* FirebaseAuth */ = {
			isa = XCSwiftPackageProductDependency;
			package = B5C692A62B454F4F007E048D /* XCRemoteSwiftPackageReference "firebase-ios-sdk" */;
			productName = FirebaseAuth;
		};
		B5C692B52B454F4F007E048D /* FirebaseAuthCombine-Community */ = {
			isa = XCSwiftPackageProductDependency;
			package = B5C692A62B454F4F007E048D /* XCRemoteSwiftPackageReference "firebase-ios-sdk" */;
			productName = "FirebaseAuthCombine-Community";
		};
		B5C692B72B454F4F007E048D /* FirebaseCrashlytics */ = {
			isa = XCSwiftPackageProductDependency;
			package = B5C692A62B454F4F007E048D /* XCRemoteSwiftPackageReference "firebase-ios-sdk" */;
			productName = FirebaseCrashlytics;
		};
		B5C692B92B454F4F007E048D /* FirebaseDatabase */ = {
			isa = XCSwiftPackageProductDependency;
			package = B5C692A62B454F4F007E048D /* XCRemoteSwiftPackageReference "firebase-ios-sdk" */;
			productName = FirebaseDatabase;
		};
		B5C692BB2B454F4F007E048D /* FirebaseDatabaseSwift */ = {
			isa = XCSwiftPackageProductDependency;
			package = B5C692A62B454F4F007E048D /* XCRemoteSwiftPackageReference "firebase-ios-sdk" */;
			productName = FirebaseDatabaseSwift;
		};
		B5C692BD2B454F4F007E048D /* FirebaseDynamicLinks */ = {
			isa = XCSwiftPackageProductDependency;
			package = B5C692A62B454F4F007E048D /* XCRemoteSwiftPackageReference "firebase-ios-sdk" */;
			productName = FirebaseDynamicLinks;
		};
		B5C692BF2B454F4F007E048D /* FirebaseFirestore */ = {
			isa = XCSwiftPackageProductDependency;
			package = B5C692A62B454F4F007E048D /* XCRemoteSwiftPackageReference "firebase-ios-sdk" */;
			productName = FirebaseFirestore;
		};
		B5C692C12B454F4F007E048D /* FirebaseFirestoreCombine-Community */ = {
			isa = XCSwiftPackageProductDependency;
			package = B5C692A62B454F4F007E048D /* XCRemoteSwiftPackageReference "firebase-ios-sdk" */;
			productName = "FirebaseFirestoreCombine-Community";
		};
		B5C692C32B454F4F007E048D /* FirebaseFirestoreSwift */ = {
			isa = XCSwiftPackageProductDependency;
			package = B5C692A62B454F4F007E048D /* XCRemoteSwiftPackageReference "firebase-ios-sdk" */;
			productName = FirebaseFirestoreSwift;
		};
		B5C692C52B454F4F007E048D /* FirebaseFunctions */ = {
			isa = XCSwiftPackageProductDependency;
			package = B5C692A62B454F4F007E048D /* XCRemoteSwiftPackageReference "firebase-ios-sdk" */;
			productName = FirebaseFunctions;
		};
		B5C692C72B454F4F007E048D /* FirebaseFunctionsCombine-Community */ = {
			isa = XCSwiftPackageProductDependency;
			package = B5C692A62B454F4F007E048D /* XCRemoteSwiftPackageReference "firebase-ios-sdk" */;
			productName = "FirebaseFunctionsCombine-Community";
		};
		B5C692C92B454F4F007E048D /* FirebaseInAppMessaging-Beta */ = {
			isa = XCSwiftPackageProductDependency;
			package = B5C692A62B454F4F007E048D /* XCRemoteSwiftPackageReference "firebase-ios-sdk" */;
			productName = "FirebaseInAppMessaging-Beta";
		};
		B5C692CB2B454F4F007E048D /* FirebaseInAppMessagingSwift-Beta */ = {
			isa = XCSwiftPackageProductDependency;
			package = B5C692A62B454F4F007E048D /* XCRemoteSwiftPackageReference "firebase-ios-sdk" */;
			productName = "FirebaseInAppMessagingSwift-Beta";
		};
		B5C692CD2B454F4F007E048D /* FirebaseInstallations */ = {
			isa = XCSwiftPackageProductDependency;
			package = B5C692A62B454F4F007E048D /* XCRemoteSwiftPackageReference "firebase-ios-sdk" */;
			productName = FirebaseInstallations;
		};
		B5C692CF2B454F4F007E048D /* FirebaseMLModelDownloader */ = {
			isa = XCSwiftPackageProductDependency;
			package = B5C692A62B454F4F007E048D /* XCRemoteSwiftPackageReference "firebase-ios-sdk" */;
			productName = FirebaseMLModelDownloader;
		};
		B5C692D12B454F4F007E048D /* FirebaseMessaging */ = {
			isa = XCSwiftPackageProductDependency;
			package = B5C692A62B454F4F007E048D /* XCRemoteSwiftPackageReference "firebase-ios-sdk" */;
			productName = FirebaseMessaging;
		};
		B5C692D32B454F4F007E048D /* FirebasePerformance */ = {
			isa = XCSwiftPackageProductDependency;
			package = B5C692A62B454F4F007E048D /* XCRemoteSwiftPackageReference "firebase-ios-sdk" */;
			productName = FirebasePerformance;
		};
		B5C692D52B454F4F007E048D /* FirebaseRemoteConfig */ = {
			isa = XCSwiftPackageProductDependency;
			package = B5C692A62B454F4F007E048D /* XCRemoteSwiftPackageReference "firebase-ios-sdk" */;
			productName = FirebaseRemoteConfig;
		};
		B5C692D72B454F4F007E048D /* FirebaseRemoteConfigSwift */ = {
			isa = XCSwiftPackageProductDependency;
			package = B5C692A62B454F4F007E048D /* XCRemoteSwiftPackageReference "firebase-ios-sdk" */;
			productName = FirebaseRemoteConfigSwift;
		};
		B5C692D92B454F4F007E048D /* FirebaseStorage */ = {
			isa = XCSwiftPackageProductDependency;
			package = B5C692A62B454F4F007E048D /* XCRemoteSwiftPackageReference "firebase-ios-sdk" */;
			productName = FirebaseStorage;
		};
		B5C692DB2B454F4F007E048D /* FirebaseStorageCombine-Community */ = {
			isa = XCSwiftPackageProductDependency;
			package = B5C692A62B454F4F007E048D /* XCRemoteSwiftPackageReference "firebase-ios-sdk" */;
			productName = "FirebaseStorageCombine-Community";
		};
		B5C692E02B455970007E048D /* GoogleSignIn */ = {
			isa = XCSwiftPackageProductDependency;
			package = B5C692DF2B455970007E048D /* XCRemoteSwiftPackageReference "GoogleSignIn-iOS" */;
			productName = GoogleSignIn;
		};
		B5C692E22B455970007E048D /* GoogleSignInSwift */ = {
			isa = XCSwiftPackageProductDependency;
			package = B5C692DF2B455970007E048D /* XCRemoteSwiftPackageReference "GoogleSignIn-iOS" */;
			productName = GoogleSignInSwift;
		};
/* End XCSwiftPackageProductDependency section */
	};
	rootObject = B5E30D402B1495E100F10B4D /* Project object */;
}
