// !$*UTF8*$!
{
	archiveVersion = 1;
	classes = {
	};
	objectVersion = 56;
	objects = {

/* Begin PBXBuildFile section */
		B533EC5B2B14C360005E6498 /* CGFloat+Ext.swift in Sources */ = {isa = PBXBuildFile; fileRef = B533EC5A2B14C360005E6498 /* CGFloat+Ext.swift */; };
		B5E30D4C2B1495E100F10B4D /* MoodNotifyApp.swift in Sources */ = {isa = PBXBuildFile; fileRef = B5E30D4B2B1495E100F10B4D /* MoodNotifyApp.swift */; };
		B5E30D4E2B1495E100F10B4D /* LoginView.swift in Sources */ = {isa = PBXBuildFile; fileRef = B5E30D4D2B1495E100F10B4D /* LoginView.swift */; };
		B5E30D502B1495E300F10B4D /* Assets.xcassets in Resources */ = {isa = PBXBuildFile; fileRef = B5E30D4F2B1495E300F10B4D /* Assets.xcassets */; };
		B5E30D532B1495E300F10B4D /* Preview Assets.xcassets in Resources */ = {isa = PBXBuildFile; fileRef = B5E30D522B1495E300F10B4D /* Preview Assets.xcassets */; };
		B5E30D5D2B1495E400F10B4D /* MoodNotifyTests.swift in Sources */ = {isa = PBXBuildFile; fileRef = B5E30D5C2B1495E400F10B4D /* MoodNotifyTests.swift */; };
		B5E30D672B1495E400F10B4D /* MoodNotifyUITests.swift in Sources */ = {isa = PBXBuildFile; fileRef = B5E30D662B1495E400F10B4D /* MoodNotifyUITests.swift */; };
		B5E30D692B1495E400F10B4D /* MoodNotifyUITestsLaunchTests.swift in Sources */ = {isa = PBXBuildFile; fileRef = B5E30D682B1495E400F10B4D /* MoodNotifyUITestsLaunchTests.swift */; };
/* End PBXBuildFile section */

/* Begin PBXContainerItemProxy section */
		B5E30D592B1495E400F10B4D /* PBXContainerItemProxy */ = {
			isa = PBXContainerItemProxy;
			containerPortal = B5E30D402B1495E100F10B4D /* Project object */;
			proxyType = 1;
			remoteGlobalIDString = B5E30D472B1495E100F10B4D;
			remoteInfo = MoodNotify;
		};
		B5E30D632B1495E400F10B4D /* PBXContainerItemProxy */ = {
			isa = PBXContainerItemProxy;
			containerPortal = B5E30D402B1495E100F10B4D /* Project object */;
			proxyType = 1;
			remoteGlobalIDString = B5E30D472B1495E100F10B4D;
			remoteInfo = MoodNotify;
		};
/* End PBXContainerItemProxy section */

/* Begin PBXFileReference section */
		B533EC5A2B14C360005E6498 /* CGFloat+Ext.swift */ = {isa = PBXFileReference; lastKnownFileType = sourcecode.swift; path = "CGFloat+Ext.swift"; sourceTree = "<group>"; };
		B5E30D482B1495E100F10B4D /* MoodNotify.app */ = {isa = PBXFileReference; explicitFileType = wrapper.application; includeInIndex = 0; path = MoodNotify.app; sourceTree = BUILT_PRODUCTS_DIR; };
		B5E30D4B2B1495E100F10B4D /* MoodNotifyApp.swift */ = {isa = PBXFileReference; lastKnownFileType = sourcecode.swift; path = MoodNotifyApp.swift; sourceTree = "<group>"; };
		B5E30D4D2B1495E100F10B4D /* LoginView.swift */ = {isa = PBXFileReference; lastKnownFileType = sourcecode.swift; path = LoginView.swift; sourceTree = "<group>"; };
		B5E30D4F2B1495E300F10B4D /* Assets.xcassets */ = {isa = PBXFileReference; lastKnownFileType = folder.assetcatalog; path = Assets.xcassets; sourceTree = "<group>"; };
		B5E30D522B1495E300F10B4D /* Preview Assets.xcassets */ = {isa = PBXFileReference; lastKnownFileType = folder.assetcatalog; path = "Preview Assets.xcassets"; sourceTree = "<group>"; };
		B5E30D582B1495E400F10B4D /* MoodNotifyTests.xctest */ = {isa = PBXFileReference; explicitFileType = wrapper.cfbundle; includeInIndex = 0; path = MoodNotifyTests.xctest; sourceTree = BUILT_PRODUCTS_DIR; };
		B5E30D5C2B1495E400F10B4D /* MoodNotifyTests.swift */ = {isa = PBXFileReference; lastKnownFileType = sourcecode.swift; path = MoodNotifyTests.swift; sourceTree = "<group>"; };
		B5E30D622B1495E400F10B4D /* MoodNotifyUITests.xctest */ = {isa = PBXFileReference; explicitFileType = wrapper.cfbundle; includeInIndex = 0; path = MoodNotifyUITests.xctest; sourceTree = BUILT_PRODUCTS_DIR; };
		B5E30D662B1495E400F10B4D /* MoodNotifyUITests.swift */ = {isa = PBXFileReference; lastKnownFileType = sourcecode.swift; path = MoodNotifyUITests.swift; sourceTree = "<group>"; };
		B5E30D682B1495E400F10B4D /* MoodNotifyUITestsLaunchTests.swift */ = {isa = PBXFileReference; lastKnownFileType = sourcecode.swift; path = MoodNotifyUITestsLaunchTests.swift; sourceTree = "<group>"; };
/* End PBXFileReference section */

/* Begin PBXFrameworksBuildPhase section */
		B5E30D452B1495E100F10B4D /* Frameworks */ = {
			isa = PBXFrameworksBuildPhase;
			buildActionMask = 2147483647;
			files = (
			);
			runOnlyForDeploymentPostprocessing = 0;
		};
		B5E30D552B1495E300F10B4D /* Frameworks */ = {
			isa = PBXFrameworksBuildPhase;
			buildActionMask = 2147483647;
			files = (
			);
			runOnlyForDeploymentPostprocessing = 0;
		};
		B5E30D5F2B1495E400F10B4D /* Frameworks */ = {
			isa = PBXFrameworksBuildPhase;
			buildActionMask = 2147483647;
			files = (
			);
			runOnlyForDeploymentPostprocessing = 0;
		};
/* End PBXFrameworksBuildPhase section */

/* Begin PBXGroup section */
		B533EC592B14C33E005E6498 /* Extension */ = {
			isa = PBXGroup;
			children = (
				B533EC5A2B14C360005E6498 /* CGFloat+Ext.swift */,
			);
			path = Extension;
			sourceTree = "<group>";
		};
		B5E30D3F2B1495E100F10B4D = {
			isa = PBXGroup;
			children = (
				B5E30D4A2B1495E100F10B4D /* MoodNotify */,
				B5E30D5B2B1495E400F10B4D /* MoodNotifyTests */,
				B5E30D652B1495E400F10B4D /* MoodNotifyUITests */,
				B5E30D492B1495E100F10B4D /* Products */,
			);
			sourceTree = "<group>";
		};
		B5E30D492B1495E100F10B4D /* Products */ = {
			isa = PBXGroup;
			children = (
				B5E30D482B1495E100F10B4D /* MoodNotify.app */,
				B5E30D582B1495E400F10B4D /* MoodNotifyTests.xctest */,
				B5E30D622B1495E400F10B4D /* MoodNotifyUITests.xctest */,
			);
			name = Products;
			sourceTree = "<group>";
		};
		B5E30D4A2B1495E100F10B4D /* MoodNotify */ = {
			isa = PBXGroup;
			children = (
				B5E30D762B14961500F10B4D /* LoginView */,
				B5E30D752B14961000F10B4D /* App */,
				B533EC592B14C33E005E6498 /* Extension */,
				B5E30D512B1495E300F10B4D /* Preview Content */,
			);
			path = MoodNotify;
			sourceTree = "<group>";
		};
		B5E30D512B1495E300F10B4D /* Preview Content */ = {
			isa = PBXGroup;
			children = (
				B5E30D522B1495E300F10B4D /* Preview Assets.xcassets */,
			);
			path = "Preview Content";
			sourceTree = "<group>";
		};
		B5E30D5B2B1495E400F10B4D /* MoodNotifyTests */ = {
			isa = PBXGroup;
			children = (
				B5E30D5C2B1495E400F10B4D /* MoodNotifyTests.swift */,
			);
			path = MoodNotifyTests;
			sourceTree = "<group>";
		};
		B5E30D652B1495E400F10B4D /* MoodNotifyUITests */ = {
			isa = PBXGroup;
			children = (
				B5E30D662B1495E400F10B4D /* MoodNotifyUITests.swift */,
				B5E30D682B1495E400F10B4D /* MoodNotifyUITestsLaunchTests.swift */,
			);
			path = MoodNotifyUITests;
			sourceTree = "<group>";
		};
		B5E30D752B14961000F10B4D /* App */ = {
			isa = PBXGroup;
			children = (
				B5E30D4B2B1495E100F10B4D /* MoodNotifyApp.swift */,
				B5E30D4F2B1495E300F10B4D /* Assets.xcassets */,
			);
			path = App;
			sourceTree = "<group>";
		};
		B5E30D762B14961500F10B4D /* LoginView */ = {
			isa = PBXGroup;
			children = (
				B5E30D4D2B1495E100F10B4D /* LoginView.swift */,
			);
			path = LoginView;
			sourceTree = "<group>";
		};
/* End PBXGroup section */

/* Begin PBXNativeTarget section */
		B5E30D472B1495E100F10B4D /* MoodNotify */ = {
			isa = PBXNativeTarget;
			buildConfigurationList = B5E30D6C2B1495E400F10B4D /* Build configuration list for PBXNativeTarget "MoodNotify" */;
			buildPhases = (
				B5E30D442B1495E100F10B4D /* Sources */,
				B5E30D452B1495E100F10B4D /* Frameworks */,
				B5E30D462B1495E100F10B4D /* Resources */,
			);
			buildRules = (
			);
			dependencies = (
			);
			name = MoodNotify;
			productName = MoodNotify;
			productReference = B5E30D482B1495E100F10B4D /* MoodNotify.app */;
			productType = "com.apple.product-type.application";
		};
		B5E30D572B1495E300F10B4D /* MoodNotifyTests */ = {
			isa = PBXNativeTarget;
			buildConfigurationList = B5E30D6F2B1495E400F10B4D /* Build configuration list for PBXNativeTarget "MoodNotifyTests" */;
			buildPhases = (
				B5E30D542B1495E300F10B4D /* Sources */,
				B5E30D552B1495E300F10B4D /* Frameworks */,
				B5E30D562B1495E300F10B4D /* Resources */,
			);
			buildRules = (
			);
			dependencies = (
				B5E30D5A2B1495E400F10B4D /* PBXTargetDependency */,
			);
			name = MoodNotifyTests;
			productName = MoodNotifyTests;
			productReference = B5E30D582B1495E400F10B4D /* MoodNotifyTests.xctest */;
			productType = "com.apple.product-type.bundle.unit-test";
		};
		B5E30D612B1495E400F10B4D /* MoodNotifyUITests */ = {
			isa = PBXNativeTarget;
			buildConfigurationList = B5E30D722B1495E400F10B4D /* Build configuration list for PBXNativeTarget "MoodNotifyUITests" */;
			buildPhases = (
				B5E30D5E2B1495E400F10B4D /* Sources */,
				B5E30D5F2B1495E400F10B4D /* Frameworks */,
				B5E30D602B1495E400F10B4D /* Resources */,
			);
			buildRules = (
			);
			dependencies = (
				B5E30D642B1495E400F10B4D /* PBXTargetDependency */,
			);
			name = MoodNotifyUITests;
			productName = MoodNotifyUITests;
			productReference = B5E30D622B1495E400F10B4D /* MoodNotifyUITests.xctest */;
			productType = "com.apple.product-type.bundle.ui-testing";
		};
/* End PBXNativeTarget section */

/* Begin PBXProject section */
		B5E30D402B1495E100F10B4D /* Project object */ = {
			isa = PBXProject;
			attributes = {
				BuildIndependentTargetsInParallel = 1;
				LastSwiftUpdateCheck = 1500;
				LastUpgradeCheck = 1500;
				TargetAttributes = {
					B5E30D472B1495E100F10B4D = {
						CreatedOnToolsVersion = 15.0;
					};
					B5E30D572B1495E300F10B4D = {
						CreatedOnToolsVersion = 15.0;
						TestTargetID = B5E30D472B1495E100F10B4D;
					};
					B5E30D612B1495E400F10B4D = {
						CreatedOnToolsVersion = 15.0;
						TestTargetID = B5E30D472B1495E100F10B4D;
					};
				};
			};
			buildConfigurationList = B5E30D432B1495E100F10B4D /* Build configuration list for PBXProject "MoodNotify" */;
			compatibilityVersion = "Xcode 14.0";
			developmentRegion = en;
			hasScannedForEncodings = 0;
			knownRegions = (
				en,
				Base,
			);
			mainGroup = B5E30D3F2B1495E100F10B4D;
			productRefGroup = B5E30D492B1495E100F10B4D /* Products */;
			projectDirPath = "";
			projectRoot = "";
			targets = (
				B5E30D472B1495E100F10B4D /* MoodNotify */,
				B5E30D572B1495E300F10B4D /* MoodNotifyTests */,
				B5E30D612B1495E400F10B4D /* MoodNotifyUITests */,
			);
		};
/* End PBXProject section */

/* Begin PBXResourcesBuildPhase section */
		B5E30D462B1495E100F10B4D /* Resources */ = {
			isa = PBXResourcesBuildPhase;
			buildActionMask = 2147483647;
			files = (
				B5E30D532B1495E300F10B4D /* Preview Assets.xcassets in Resources */,
				B5E30D502B1495E300F10B4D /* Assets.xcassets in Resources */,
			);
			runOnlyForDeploymentPostprocessing = 0;
		};
		B5E30D562B1495E300F10B4D /* Resources */ = {
			isa = PBXResourcesBuildPhase;
			buildActionMask = 2147483647;
			files = (
			);
			runOnlyForDeploymentPostprocessing = 0;
		};
		B5E30D602B1495E400F10B4D /* Resources */ = {
			isa = PBXResourcesBuildPhase;
			buildActionMask = 2147483647;
			files = (
			);
			runOnlyForDeploymentPostprocessing = 0;
		};
/* End PBXResourcesBuildPhase section */

/* Begin PBXSourcesBuildPhase section */
		B5E30D442B1495E100F10B4D /* Sources */ = {
			isa = PBXSourcesBuildPhase;
			buildActionMask = 2147483647;
			files = (
				B533EC5B2B14C360005E6498 /* CGFloat+Ext.swift in Sources */,
				B5E30D4E2B1495E100F10B4D /* LoginView.swift in Sources */,
				B5E30D4C2B1495E100F10B4D /* MoodNotifyApp.swift in Sources */,
			);
			runOnlyForDeploymentPostprocessing = 0;
		};
		B5E30D542B1495E300F10B4D /* Sources */ = {
			isa = PBXSourcesBuildPhase;
			buildActionMask = 2147483647;
			files = (
				B5E30D5D2B1495E400F10B4D /* MoodNotifyTests.swift in Sources */,
			);
			runOnlyForDeploymentPostprocessing = 0;
		};
		B5E30D5E2B1495E400F10B4D /* Sources */ = {
			isa = PBXSourcesBuildPhase;
			buildActionMask = 2147483647;
			files = (
				B5E30D692B1495E400F10B4D /* MoodNotifyUITestsLaunchTests.swift in Sources */,
				B5E30D672B1495E400F10B4D /* MoodNotifyUITests.swift in Sources */,
			);
			runOnlyForDeploymentPostprocessing = 0;
		};
/* End PBXSourcesBuildPhase section */

/* Begin PBXTargetDependency section */
		B5E30D5A2B1495E400F10B4D /* PBXTargetDependency */ = {
			isa = PBXTargetDependency;
			target = B5E30D472B1495E100F10B4D /* MoodNotify */;
			targetProxy = B5E30D592B1495E400F10B4D /* PBXContainerItemProxy */;
		};
		B5E30D642B1495E400F10B4D /* PBXTargetDependency */ = {
			isa = PBXTargetDependency;
			target = B5E30D472B1495E100F10B4D /* MoodNotify */;
			targetProxy = B5E30D632B1495E400F10B4D /* PBXContainerItemProxy */;
		};
/* End PBXTargetDependency section */

/* Begin XCBuildConfiguration section */
		B5E30D6A2B1495E400F10B4D /* Debug */ = {
			isa = XCBuildConfiguration;
			buildSettings = {
				ALWAYS_SEARCH_USER_PATHS = NO;
				ASSETCATALOG_COMPILER_GENERATE_SWIFT_ASSET_SYMBOL_EXTENSIONS = YES;
				CLANG_ANALYZER_NONNULL = YES;
				CLANG_ANALYZER_NUMBER_OBJECT_CONVERSION = YES_AGGRESSIVE;
				CLANG_CXX_LANGUAGE_STANDARD = "gnu++20";
				CLANG_ENABLE_MODULES = YES;
				CLANG_ENABLE_OBJC_ARC = YES;
				CLANG_ENABLE_OBJC_WEAK = YES;
				CLANG_WARN_BLOCK_CAPTURE_AUTORELEASING = YES;
				CLANG_WARN_BOOL_CONVERSION = YES;
				CLANG_WARN_COMMA = YES;
				CLANG_WARN_CONSTANT_CONVERSION = YES;
				CLANG_WARN_DEPRECATED_OBJC_IMPLEMENTATIONS = YES;
				CLANG_WARN_DIRECT_OBJC_ISA_USAGE = YES_ERROR;
				CLANG_WARN_DOCUMENTATION_COMMENTS = YES;
				CLANG_WARN_EMPTY_BODY = YES;
				CLANG_WARN_ENUM_CONVERSION = YES;
				CLANG_WARN_INFINITE_RECURSION = YES;
				CLANG_WARN_INT_CONVERSION = YES;
				CLANG_WARN_NON_LITERAL_NULL_CONVERSION = YES;
				CLANG_WARN_OBJC_IMPLICIT_RETAIN_SELF = YES;
				CLANG_WARN_OBJC_LITERAL_CONVERSION = YES;
				CLANG_WARN_OBJC_ROOT_CLASS = YES_ERROR;
				CLANG_WARN_QUOTED_INCLUDE_IN_FRAMEWORK_HEADER = YES;
				CLANG_WARN_RANGE_LOOP_ANALYSIS = YES;
				CLANG_WARN_STRICT_PROTOTYPES = YES;
				CLANG_WARN_SUSPICIOUS_MOVE = YES;
				CLANG_WARN_UNGUARDED_AVAILABILITY = YES_AGGRESSIVE;
				CLANG_WARN_UNREACHABLE_CODE = YES;
				CLANG_WARN__DUPLICATE_METHOD_MATCH = YES;
				COPY_PHASE_STRIP = NO;
				DEBUG_INFORMATION_FORMAT = dwarf;
				ENABLE_STRICT_OBJC_MSGSEND = YES;
				ENABLE_TESTABILITY = YES;
				ENABLE_USER_SCRIPT_SANDBOXING = YES;
				GCC_C_LANGUAGE_STANDARD = gnu17;
				GCC_DYNAMIC_NO_PIC = NO;
				GCC_NO_COMMON_BLOCKS = YES;
				GCC_OPTIMIZATION_LEVEL = 0;
				GCC_PREPROCESSOR_DEFINITIONS = (
					"DEBUG=1",
					"$(inherited)",
				);
				GCC_WARN_64_TO_32_BIT_CONVERSION = YES;
				GCC_WARN_ABOUT_RETURN_TYPE = YES_ERROR;
				GCC_WARN_UNDECLARED_SELECTOR = YES;
				GCC_WARN_UNINITIALIZED_AUTOS = YES_AGGRESSIVE;
				GCC_WARN_UNUSED_FUNCTION = YES;
				GCC_WARN_UNUSED_VARIABLE = YES;
				IPHONEOS_DEPLOYMENT_TARGET = 17.0;
				LOCALIZATION_PREFERS_STRING_CATALOGS = YES;
				MTL_ENABLE_DEBUG_INFO = INCLUDE_SOURCE;
				MTL_FAST_MATH = YES;
				ONLY_ACTIVE_ARCH = YES;
				SDKROOT = iphoneos;
				SWIFT_ACTIVE_COMPILATION_CONDITIONS = "DEBUG $(inherited)";
				SWIFT_OPTIMIZATION_LEVEL = "-Onone";
			};
			name = Debug;
		};
		B5E30D6B2B1495E400F10B4D /* Release */ = {
			isa = XCBuildConfiguration;
			buildSettings = {
				ALWAYS_SEARCH_USER_PATHS = NO;
				ASSETCATALOG_COMPILER_GENERATE_SWIFT_ASSET_SYMBOL_EXTENSIONS = YES;
				CLANG_ANALYZER_NONNULL = YES;
				CLANG_ANALYZER_NUMBER_OBJECT_CONVERSION = YES_AGGRESSIVE;
				CLANG_CXX_LANGUAGE_STANDARD = "gnu++20";
				CLANG_ENABLE_MODULES = YES;
				CLANG_ENABLE_OBJC_ARC = YES;
				CLANG_ENABLE_OBJC_WEAK = YES;
				CLANG_WARN_BLOCK_CAPTURE_AUTORELEASING = YES;
				CLANG_WARN_BOOL_CONVERSION = YES;
				CLANG_WARN_COMMA = YES;
				CLANG_WARN_CONSTANT_CONVERSION = YES;
				CLANG_WARN_DEPRECATED_OBJC_IMPLEMENTATIONS = YES;
				CLANG_WARN_DIRECT_OBJC_ISA_USAGE = YES_ERROR;
				CLANG_WARN_DOCUMENTATION_COMMENTS = YES;
				CLANG_WARN_EMPTY_BODY = YES;
				CLANG_WARN_ENUM_CONVERSION = YES;
				CLANG_WARN_INFINITE_RECURSION = YES;
				CLANG_WARN_INT_CONVERSION = YES;
				CLANG_WARN_NON_LITERAL_NULL_CONVERSION = YES;
				CLANG_WARN_OBJC_IMPLICIT_RETAIN_SELF = YES;
				CLANG_WARN_OBJC_LITERAL_CONVERSION = YES;
				CLANG_WARN_OBJC_ROOT_CLASS = YES_ERROR;
				CLANG_WARN_QUOTED_INCLUDE_IN_FRAMEWORK_HEADER = YES;
				CLANG_WARN_RANGE_LOOP_ANALYSIS = YES;
				CLANG_WARN_STRICT_PROTOTYPES = YES;
				CLANG_WARN_SUSPICIOUS_MOVE = YES;
				CLANG_WARN_UNGUARDED_AVAILABILITY = YES_AGGRESSIVE;
				CLANG_WARN_UNREACHABLE_CODE = YES;
				CLANG_WARN__DUPLICATE_METHOD_MATCH = YES;
				COPY_PHASE_STRIP = NO;
				DEBUG_INFORMATION_FORMAT = "dwarf-with-dsym";
				ENABLE_NS_ASSERTIONS = NO;
				ENABLE_STRICT_OBJC_MSGSEND = YES;
				ENABLE_USER_SCRIPT_SANDBOXING = YES;
				GCC_C_LANGUAGE_STANDARD = gnu17;
				GCC_NO_COMMON_BLOCKS = YES;
				GCC_WARN_64_TO_32_BIT_CONVERSION = YES;
				GCC_WARN_ABOUT_RETURN_TYPE = YES_ERROR;
				GCC_WARN_UNDECLARED_SELECTOR = YES;
				GCC_WARN_UNINITIALIZED_AUTOS = YES_AGGRESSIVE;
				GCC_WARN_UNUSED_FUNCTION = YES;
				GCC_WARN_UNUSED_VARIABLE = YES;
				IPHONEOS_DEPLOYMENT_TARGET = 17.0;
				LOCALIZATION_PREFERS_STRING_CATALOGS = YES;
				MTL_ENABLE_DEBUG_INFO = NO;
				MTL_FAST_MATH = YES;
				SDKROOT = iphoneos;
				SWIFT_COMPILATION_MODE = wholemodule;
				VALIDATE_PRODUCT = YES;
			};
			name = Release;
		};
		B5E30D6D2B1495E400F10B4D /* Debug */ = {
			isa = XCBuildConfiguration;
			buildSettings = {
				ASSETCATALOG_COMPILER_APPICON_NAME = AppIcon;
				ASSETCATALOG_COMPILER_GLOBAL_ACCENT_COLOR_NAME = AccentColor;
				CODE_SIGN_STYLE = Automatic;
				CURRENT_PROJECT_VERSION = 1;
				DEVELOPMENT_ASSET_PATHS = "\"MoodNotify/Preview Content\"";
				ENABLE_PREVIEWS = YES;
				GENERATE_INFOPLIST_FILE = YES;
				INFOPLIST_KEY_UIApplicationSceneManifest_Generation = YES;
				INFOPLIST_KEY_UIApplicationSupportsIndirectInputEvents = YES;
				INFOPLIST_KEY_UILaunchScreen_Generation = YES;
				INFOPLIST_KEY_UISupportedInterfaceOrientations = UIInterfaceOrientationPortrait;
				IPHONEOS_DEPLOYMENT_TARGET = 16.0;
				LD_RUNPATH_SEARCH_PATHS = (
					"$(inherited)",
					"@executable_path/Frameworks",
				);
				MARKETING_VERSION = 1.0;
				PRODUCT_BUNDLE_IDENTIFIER = MmtDrn.MoodNotify;
				PRODUCT_NAME = "$(TARGET_NAME)";
				SWIFT_EMIT_LOC_STRINGS = YES;
				SWIFT_VERSION = 5.0;
				TARGETED_DEVICE_FAMILY = "1,2";
			};
			name = Debug;
		};
		B5E30D6E2B1495E400F10B4D /* Release */ = {
			isa = XCBuildConfiguration;
			buildSettings = {
				ASSETCATALOG_COMPILER_APPICON_NAME = AppIcon;
				ASSETCATALOG_COMPILER_GLOBAL_ACCENT_COLOR_NAME = AccentColor;
				CODE_SIGN_STYLE = Automatic;
				CURRENT_PROJECT_VERSION = 1;
				DEVELOPMENT_ASSET_PATHS = "\"MoodNotify/Preview Content\"";
				ENABLE_PREVIEWS = YES;
				GENERATE_INFOPLIST_FILE = YES;
				INFOPLIST_KEY_UIApplicationSceneManifest_Generation = YES;
				INFOPLIST_KEY_UIApplicationSupportsIndirectInputEvents = YES;
				INFOPLIST_KEY_UILaunchScreen_Generation = YES;
				INFOPLIST_KEY_UISupportedInterfaceOrientations = UIInterfaceOrientationPortrait;
				IPHONEOS_DEPLOYMENT_TARGET = 16.0;
				LD_RUNPATH_SEARCH_PATHS = (
					"$(inherited)",
					"@executable_path/Frameworks",
				);
				MARKETING_VERSION = 1.0;
				PRODUCT_BUNDLE_IDENTIFIER = MmtDrn.MoodNotify;
				PRODUCT_NAME = "$(TARGET_NAME)";
				SWIFT_EMIT_LOC_STRINGS = YES;
				SWIFT_VERSION = 5.0;
				TARGETED_DEVICE_FAMILY = "1,2";
			};
			name = Release;
		};
		B5E30D702B1495E400F10B4D /* Debug */ = {
			isa = XCBuildConfiguration;
			buildSettings = {
				ALWAYS_EMBED_SWIFT_STANDARD_LIBRARIES = YES;
				BUNDLE_LOADER = "$(TEST_HOST)";
				CODE_SIGN_STYLE = Automatic;
				CURRENT_PROJECT_VERSION = 1;
				GENERATE_INFOPLIST_FILE = YES;
				IPHONEOS_DEPLOYMENT_TARGET = 17.0;
				MARKETING_VERSION = 1.0;
				PRODUCT_BUNDLE_IDENTIFIER = MmtDrn.MoodNotifyTests;
				PRODUCT_NAME = "$(TARGET_NAME)";
				SWIFT_EMIT_LOC_STRINGS = NO;
				SWIFT_VERSION = 5.0;
				TARGETED_DEVICE_FAMILY = "1,2";
				TEST_HOST = "$(BUILT_PRODUCTS_DIR)/MoodNotify.app/$(BUNDLE_EXECUTABLE_FOLDER_PATH)/MoodNotify";
			};
			name = Debug;
		};
		B5E30D712B1495E400F10B4D /* Release */ = {
			isa = XCBuildConfiguration;
			buildSettings = {
				ALWAYS_EMBED_SWIFT_STANDARD_LIBRARIES = YES;
				BUNDLE_LOADER = "$(TEST_HOST)";
				CODE_SIGN_STYLE = Automatic;
				CURRENT_PROJECT_VERSION = 1;
				GENERATE_INFOPLIST_FILE = YES;
				IPHONEOS_DEPLOYMENT_TARGET = 17.0;
				MARKETING_VERSION = 1.0;
				PRODUCT_BUNDLE_IDENTIFIER = MmtDrn.MoodNotifyTests;
				PRODUCT_NAME = "$(TARGET_NAME)";
				SWIFT_EMIT_LOC_STRINGS = NO;
				SWIFT_VERSION = 5.0;
				TARGETED_DEVICE_FAMILY = "1,2";
				TEST_HOST = "$(BUILT_PRODUCTS_DIR)/MoodNotify.app/$(BUNDLE_EXECUTABLE_FOLDER_PATH)/MoodNotify";
			};
			name = Release;
		};
		B5E30D732B1495E400F10B4D /* Debug */ = {
			isa = XCBuildConfiguration;
			buildSettings = {
				ALWAYS_EMBED_SWIFT_STANDARD_LIBRARIES = YES;
				CODE_SIGN_STYLE = Automatic;
				CURRENT_PROJECT_VERSION = 1;
				GENERATE_INFOPLIST_FILE = YES;
				MARKETING_VERSION = 1.0;
				PRODUCT_BUNDLE_IDENTIFIER = MmtDrn.MoodNotifyUITests;
				PRODUCT_NAME = "$(TARGET_NAME)";
				SWIFT_EMIT_LOC_STRINGS = NO;
				SWIFT_VERSION = 5.0;
				TARGETED_DEVICE_FAMILY = "1,2";
				TEST_TARGET_NAME = MoodNotify;
			};
			name = Debug;
		};
		B5E30D742B1495E400F10B4D /* Release */ = {
			isa = XCBuildConfiguration;
			buildSettings = {
				ALWAYS_EMBED_SWIFT_STANDARD_LIBRARIES = YES;
				CODE_SIGN_STYLE = Automatic;
				CURRENT_PROJECT_VERSION = 1;
				GENERATE_INFOPLIST_FILE = YES;
				MARKETING_VERSION = 1.0;
				PRODUCT_BUNDLE_IDENTIFIER = MmtDrn.MoodNotifyUITests;
				PRODUCT_NAME = "$(TARGET_NAME)";
				SWIFT_EMIT_LOC_STRINGS = NO;
				SWIFT_VERSION = 5.0;
				TARGETED_DEVICE_FAMILY = "1,2";
				TEST_TARGET_NAME = MoodNotify;
			};
			name = Release;
		};
/* End XCBuildConfiguration section */

/* Begin XCConfigurationList section */
		B5E30D432B1495E100F10B4D /* Build configuration list for PBXProject "MoodNotify" */ = {
			isa = XCConfigurationList;
			buildConfigurations = (
				B5E30D6A2B1495E400F10B4D /* Debug */,
				B5E30D6B2B1495E400F10B4D /* Release */,
			);
			defaultConfigurationIsVisible = 0;
			defaultConfigurationName = Release;
		};
		B5E30D6C2B1495E400F10B4D /* Build configuration list for PBXNativeTarget "MoodNotify" */ = {
			isa = XCConfigurationList;
			buildConfigurations = (
				B5E30D6D2B1495E400F10B4D /* Debug */,
				B5E30D6E2B1495E400F10B4D /* Release */,
			);
			defaultConfigurationIsVisible = 0;
			defaultConfigurationName = Release;
		};
		B5E30D6F2B1495E400F10B4D /* Build configuration list for PBXNativeTarget "MoodNotifyTests" */ = {
			isa = XCConfigurationList;
			buildConfigurations = (
				B5E30D702B1495E400F10B4D /* Debug */,
				B5E30D712B1495E400F10B4D /* Release */,
			);
			defaultConfigurationIsVisible = 0;
			defaultConfigurationName = Release;
		};
		B5E30D722B1495E400F10B4D /* Build configuration list for PBXNativeTarget "MoodNotifyUITests" */ = {
			isa = XCConfigurationList;
			buildConfigurations = (
				B5E30D732B1495E400F10B4D /* Debug */,
				B5E30D742B1495E400F10B4D /* Release */,
			);
			defaultConfigurationIsVisible = 0;
			defaultConfigurationName = Release;
		};
/* End XCConfigurationList section */
	};
	rootObject = B5E30D402B1495E100F10B4D /* Project object */;
}
